
Microsoft Visual Studio Solution File, Format Version 12.00
# Visual Studio 15
VisualStudioVersion = 15.0.27130.2010
MinimumVisualStudioVersion = 10.0.40219.1
Project("{2150E333-8FDC-42A3-9474-1A3956D46DE8}") = "DataReef.TM.Services", "DataReef.TM.Services", "{3B930DCA-49C9-4789-9838-3FA9A57A0274}"
EndProject
Project("{2150E333-8FDC-42A3-9474-1A3956D46DE8}") = "DataReef.TM.API", "DataReef.TM.API", "{5B579748-47B2-46B3-9F3A-9453A446C6DA}"
EndProject
Project("{2150E333-8FDC-42A3-9474-1A3956D46DE8}") = "DataReef.Core", "DataReef.Core", "{ED781B44-61DB-4210-97C3-857F9A097812}"
EndProject
Project("{2150E333-8FDC-42A3-9474-1A3956D46DE8}") = "DataReef.Utilities", "DataReef.Utilities", "{9891ABE2-5909-4940-B9AF-D1D0E21BC8A9}"
EndProject
Project("{2150E333-8FDC-42A3-9474-1A3956D46DE8}") = "DataReef.TM.Data", "DataReef.TM.Data", "{4BA32767-D02F-4909-9A5A-2F65F1231129}"
EndProject
Project("{2150E333-8FDC-42A3-9474-1A3956D46DE8}") = ".nuget", ".nuget", "{68BD4135-5313-4419-9E98-D195809D07E7}"
EndProject
Project("{2150E333-8FDC-42A3-9474-1A3956D46DE8}") = "DataReef.Mail", "DataReef.Mail", "{47C494A6-125E-4093-8A7A-6B9E2890DEF1}"
EndProject
Project("{FAE04EC0-301F-11D3-BF4B-00C04F79EFBC}") = "DataReef.Core.Base", "DataReef.Core.Base\DataReef.Core.Base.csproj", "{8B0773F4-E04A-40EA-8C02-8ECFE1DCD428}"
EndProject
Project("{FAE04EC0-301F-11D3-BF4B-00C04F79EFBC}") = "DataReef.CodeGenerator.Core", "DataReef.CodeGenerator\DataReef.CodeGenerator.Core.csproj", "{201CB42A-0579-49D0-955A-BD5A1660119E}"
EndProject
Project("{FAE04EC0-301F-11D3-BF4B-00C04F79EFBC}") = "DataReef.CodeGenerator.UI", "DataReef.CodeGenerator.UI\DataReef.CodeGenerator.UI.csproj", "{3845709B-5EAE-466B-A381-AA9A121E4A6A}"
EndProject
Project("{FAE04EC0-301F-11D3-BF4B-00C04F79EFBC}") = "DataReef.TM.Contracts", "DataReef.TM.Contracts\DataReef.TM.Contracts.csproj", "{EA0A5A9E-AC18-4E7B-BDE2-5ABE8FBFDEA1}"
EndProject
Project("{FAE04EC0-301F-11D3-BF4B-00C04F79EFBC}") = "DataReef.TM.IISHost", "DataReef.TM.IISHost\DataReef.TM.IISHost.csproj", "{28848568-DCF6-47B1-AF19-7F186DE013E3}"
EndProject
Project("{FAE04EC0-301F-11D3-BF4B-00C04F79EFBC}") = "DataReef.TM.Services", "DataReef.TM.Services\DataReef.TM.Services.csproj", "{63F829A1-2BD9-49ED-B209-319C58538BF6}"
	ProjectSection(ProjectDependencies) = postProject
		{4716CD08-8CE0-4660-AAF2-13B65AC0C83C} = {4716CD08-8CE0-4660-AAF2-13B65AC0C83C}
		{2BE122E0-6392-42A6-98B2-D0FC71F0812B} = {2BE122E0-6392-42A6-98B2-D0FC71F0812B}
	EndProjectSection
EndProject
Project("{FAE04EC0-301F-11D3-BF4B-00C04F79EFBC}") = "DataReef.TM.Api", "DataReef.TM.Api\DataReef.TM.Api.csproj", "{3864282A-6024-453E-A35A-C6ADE39A520E}"
	ProjectSection(ProjectDependencies) = postProject
		{8FFBC954-59BA-454E-ADF6-7103BF2364F0} = {8FFBC954-59BA-454E-ADF6-7103BF2364F0}
		{49E4F162-6387-4E54-AC34-E05727FA0605} = {49E4F162-6387-4E54-AC34-E05727FA0605}
	EndProjectSection
EndProject
Project("{FAE04EC0-301F-11D3-BF4B-00C04F79EFBC}") = "DataReef.TM.DataAccess", "DataReef.TM.DataAccess\DataReef.TM.DataAccess.csproj", "{D8C35AC6-25A6-46A8-9A6F-5DB8442EAD21}"
EndProject
Project("{FAE04EC0-301F-11D3-BF4B-00C04F79EFBC}") = "DataReef.TM.Models", "DataReef.TM.Models\DataReef.TM.Models.csproj", "{F5644194-5AB2-4FBA-8632-46630FB5DDD3}"
	ProjectSection(ProjectDependencies) = postProject
		{11D0AECC-F9A7-4CE9-B833-1E31B67DA267} = {11D0AECC-F9A7-4CE9-B833-1E31B67DA267}
	EndProjectSection
EndProject
Project("{FAE04EC0-301F-11D3-BF4B-00C04F79EFBC}") = "DataReef.Core.Infrastructure", "DataReef.Core.Infrastructure\DataReef.Core.Infrastructure.csproj", "{71D628D4-24AB-4493-A7BA-8C5565870A17}"
EndProject
Project("{FAE04EC0-301F-11D3-BF4B-00C04F79EFBC}") = "DataReef.TM.MailLibrary", "DataReef.TM.MailLibrary\DataReef.TM.MailLibrary.csproj", "{303C7119-0F5C-4873-8B80-41FCB1C4BB93}"
EndProject
Project("{2150E333-8FDC-42A3-9474-1A3956D46DE8}") = "DataReef.Integrations", "DataReef.Integrations", "{E250DB23-EBE0-4E55-885B-964EBAE2595D}"
EndProject
Project("{FAE04EC0-301F-11D3-BF4B-00C04F79EFBC}") = "DataReef.Integrations.Core", "DataReef.Integrations.Core\DataReef.Integrations.Core.csproj", "{6A0522AA-6EF2-41A8-9AE2-A36379A90BFF}"
EndProject
Project("{FAE04EC0-301F-11D3-BF4B-00C04F79EFBC}") = "DataReef.Integrations.Agemni", "DataReef.Integrations.Agemni\DataReef.Integrations.Agemni.csproj", "{B53BA670-6C29-414B-AC89-0D83429DCB31}"
EndProject
Project("{FAE04EC0-301F-11D3-BF4B-00C04F79EFBC}") = "DataReef.Integrations.NetSuite", "DataReef.Integrations.NetSuite\DataReef.Integrations.NetSuite.csproj", "{8FFBC954-59BA-454E-ADF6-7103BF2364F0}"
EndProject
Project("{2150E333-8FDC-42A3-9474-1A3956D46DE8}") = "DataReef.Tests", "DataReef.Tests", "{8657CA82-AB63-40BB-9184-3D7EFD9ABFA6}"
EndProject
Project("{FAE04EC0-301F-11D3-BF4B-00C04F79EFBC}") = "DataReef.Tests.IntegrationConsole", "DataReef.Tests.IntegrationConsole\DataReef.Tests.IntegrationConsole.csproj", "{DC2CE6AE-9737-49F5-AADD-F3A3BD384A72}"
EndProject
Project("{FAE04EC0-301F-11D3-BF4B-00C04F79EFBC}") = "DataReef.Mail.Worker", "DataReef.Mail.Worker\DataReef.Mail.Worker.csproj", "{779AAEFE-49B7-4721-9C9B-904AA279C5E8}"
EndProject
Project("{FAE04EC0-301F-11D3-BF4B-00C04F79EFBC}") = "DataReef.Integrations.Genability", "DataReef.Integrations.Genability\DataReef.Integrations.Genability.csproj", "{49E4F162-6387-4E54-AC34-E05727FA0605}"
EndProject
Project("{FAE04EC0-301F-11D3-BF4B-00C04F79EFBC}") = "DataReef.Integrations.RightSignature", "Datareef.Integrations.RightSignature\DataReef.Integrations.RightSignature.csproj", "{B7DE672F-3130-4E77-A1B9-43E3716D4629}"
EndProject
Project("{FAE04EC0-301F-11D3-BF4B-00C04F79EFBC}") = "DataReef.Integrations.WarrenAndSelbert", "DataReef.Integrations.WarrenAndSelbert\DataReef.Integrations.WarrenAndSelbert.csproj", "{49AC9FC7-EEE3-4EAB-842E-00AF63F30B62}"
EndProject
Project("{FAE04EC0-301F-11D3-BF4B-00C04F79EFBC}") = "DataReef.Integrations.Mosaic", "DataReef.Integrations.Mosaic\DataReef.Integrations.Mosaic.csproj", "{3CD87149-19D1-40F1-B74B-213A494D540E}"
EndProject
Project("{FAE04EC0-301F-11D3-BF4B-00C04F79EFBC}") = "DataReef.Integrations.Spruce", "Datareef.Integrations.Spruce\DataReef.Integrations.Spruce.csproj", "{77147A44-8BA3-4C01-8489-E2BC52F69C25}"
EndProject
Project("{2150E333-8FDC-42A3-9474-1A3956D46DE8}") = "DataReef.Engines", "DataReef.Engines", "{7E6BFAD7-AFCA-421F-A002-413A343FEC69}"
EndProject
Project("{FAE04EC0-301F-11D3-BF4B-00C04F79EFBC}") = "DataReef.Engines.FinancialEngine", "DataReef.Engines.FinancialEngine\DataReef.Engines.FinancialEngine.csproj", "{BCA56BB0-A060-4758-9B33-436292EC4651}"
EndProject
Project("{FAE04EC0-301F-11D3-BF4B-00C04F79EFBC}") = "DataReef.Integrations.Hancock", "DataReef.Integrations.Hancock\DataReef.Integrations.Hancock.csproj", "{E17CEAFD-A9E3-4815-9225-B997825EDC21}"
EndProject
Project("{FAE04EC0-301F-11D3-BF4B-00C04F79EFBC}") = "DataReef.ServiceRunner.Console", "DataReef.ServiceRunner.Console\DataReef.ServiceRunner.Console.csproj", "{D5268722-CDDA-4099-B05E-70CDF5CA11F3}"
EndProject
Project("{FAE04EC0-301F-11D3-BF4B-00C04F79EFBC}") = "DataReef.TM.ClientApi", "DataReef.TM.ClientApi\DataReef.TM.ClientApi.csproj", "{2FB7011D-BBC9-4DC5-8F60-028F2BF3B5DA}"
	ProjectSection(ProjectDependencies) = postProject
		{3864282A-6024-453E-A35A-C6ADE39A520E} = {3864282A-6024-453E-A35A-C6ADE39A520E}
	EndProjectSection
EndProject
Project("{FAE04EC0-301F-11D3-BF4B-00C04F79EFBC}") = "DataReef.Integrations.Pictometry", "DataReef.Integrations.Pictometry\DataReef.Integrations.Pictometry.csproj", "{11556B34-E1FE-45DC-B2DC-DCCA86AA5D3D}"
EndProject
Project("{FAE04EC0-301F-11D3-BF4B-00C04F79EFBC}") = "DataReef.Integrations.RedBell", "DataReef.Integrations.RedBell\DataReef.Integrations.RedBell.csproj", "{EFD796FD-85F8-4F76-83FF-B136381CDB46}"
EndProject
Project("{FAE04EC0-301F-11D3-BF4B-00C04F79EFBC}") = "DataReef.Integrations.Google", "DataReef.Integrations.Google\DataReef.Integrations.Google.csproj", "{60C15959-562C-428D-BB55-2CF1C3EA01F8}"
EndProject
Project("{FAE04EC0-301F-11D3-BF4B-00C04F79EFBC}") = "DataReef.Integrations.SolarCloud", "DataReef.Integrations.SolarCloud\DataReef.Integrations.SolarCloud.csproj", "{4716CD08-8CE0-4660-AAF2-13B65AC0C83C}"
EndProject
Project("{FAE04EC0-301F-11D3-BF4B-00C04F79EFBC}") = "DataReef.Integrations.Geo", "DataReef.Integrations.Geo\DataReef.Integrations.Geo.csproj", "{2BE122E0-6392-42A6-98B2-D0FC71F0812B}"
EndProject
Project("{FAE04EC0-301F-11D3-BF4B-00C04F79EFBC}") = "DataReef.Integrations.Mapful", "DataReef.Integrations.Mapful\DataReef.Integrations.Mapful.csproj", "{EFCA5B8F-E346-4C07-B517-202E6EA52E21}"
EndProject
Project("{FAE04EC0-301F-11D3-BF4B-00C04F79EFBC}") = "DataReef.Integrations.MailChimp", "DataReef.Integrations.MailChimp\DataReef.Integrations.MailChimp.csproj", "{80E855C0-BDE8-40A1-97C2-85D18B084B0A}"
EndProject
Project("{FAE04EC0-301F-11D3-BF4B-00C04F79EFBC}") = "DataReef.Integrations.Common", "DataReef.Integrations.Common\DataReef.Integrations.Common.csproj", "{11D0AECC-F9A7-4CE9-B833-1E31B67DA267}"
EndProject
Project("{FAE04EC0-301F-11D3-BF4B-00C04F79EFBC}") = "DataReef.Integrations.Microsoft", "DataReef.Integrations.Microsoft\DataReef.Integrations.Microsoft.csproj", "{4F304FD9-6210-41DD-932B-AFA4066896A1}"
EndProject
Project("{FAE04EC0-301F-11D3-BF4B-00C04F79EFBC}") = "DataReef.TM.Services.Tests", "DataReef.TM.Services.Tests\DataReef.TM.Services.Tests.csproj", "{1D170C5D-2A93-4747-9FB8-811939956E75}"
EndProject
Project("{FAE04EC0-301F-11D3-BF4B-00C04F79EFBC}") = "DataReef.Integrations.PushNotification", "DataReef.Integrations.PushNotification\DataReef.Integrations.PushNotification.csproj", "{D9B34002-5916-48C4-8226-23C4E30B1244}"
EndProject
Project("{FAE04EC0-301F-11D3-BF4B-00C04F79EFBC}") = "DataReef.RoofRenderings", "DataReef.RoofRenderings\DataReef.RoofRenderings.csproj", "{F840708B-5D0D-465F-94C9-EF4AD1098FC7}"
EndProject
Project("{FAE04EC0-301F-11D3-BF4B-00C04F79EFBC}") = "DataReef.TM.Models.Tests", "DataReef.TM.Models.Tests\DataReef.TM.Models.Tests.csproj", "{98E3A5FD-B7A6-4972-BC51-77CF4EBE44F0}"
EndProject
Project("{FAE04EC0-301F-11D3-BF4B-00C04F79EFBC}") = "DataReef.Integrations.LoanPal", "DataReef.Integrations.LoanPal\DataReef.Integrations.LoanPal.csproj", "{789D5400-9B5E-4F62-832C-20FA8428E572}"
EndProject
Project("{FAE04EC0-301F-11D3-BF4B-00C04F79EFBC}") = "DataReef.Integrations.Sunnova", "DataReef.Integrations.Sunnova\DataReef.Integrations.Sunnova.csproj", "{3683AF7D-373B-4646-878C-4ACA56182B6B}"
EndProject
Project("{FAE04EC0-301F-11D3-BF4B-00C04F79EFBC}") = "GoogleMaps.LocationServices", "GoogleMaps.LocationServices\GoogleMaps.LocationServices.csproj", "{2C8E82BE-4562-4BD8-806E-2ABC806FF2B3}"
EndProject
Global
	GlobalSection(SolutionConfigurationPlatforms) = preSolution
		Debug|Any CPU = Debug|Any CPU
		Debug|ARM = Debug|ARM
		Debug|x64 = Debug|x64
		Debug|x86 = Debug|x86
		QA|Any CPU = QA|Any CPU
		QA|ARM = QA|ARM
		QA|x64 = QA|x64
		QA|x86 = QA|x86
		Release|Any CPU = Release|Any CPU
		Release|ARM = Release|ARM
		Release|x64 = Release|x64
		Release|x86 = Release|x86
		Stage|Any CPU = Stage|Any CPU
		Stage|ARM = Stage|ARM
		Stage|x64 = Stage|x64
		Stage|x86 = Stage|x86
	EndGlobalSection
	GlobalSection(ProjectConfigurationPlatforms) = postSolution
		{8B0773F4-E04A-40EA-8C02-8ECFE1DCD428}.Debug|Any CPU.ActiveCfg = Debug|Any CPU
		{8B0773F4-E04A-40EA-8C02-8ECFE1DCD428}.Debug|Any CPU.Build.0 = Debug|Any CPU
		{8B0773F4-E04A-40EA-8C02-8ECFE1DCD428}.Debug|ARM.ActiveCfg = Debug|Any CPU
		{8B0773F4-E04A-40EA-8C02-8ECFE1DCD428}.Debug|x64.ActiveCfg = Debug|Any CPU
		{8B0773F4-E04A-40EA-8C02-8ECFE1DCD428}.Debug|x86.ActiveCfg = Debug|Any CPU
		{8B0773F4-E04A-40EA-8C02-8ECFE1DCD428}.QA|Any CPU.ActiveCfg = QA|Any CPU
		{8B0773F4-E04A-40EA-8C02-8ECFE1DCD428}.QA|Any CPU.Build.0 = QA|Any CPU
		{8B0773F4-E04A-40EA-8C02-8ECFE1DCD428}.QA|ARM.ActiveCfg = QA|Any CPU
		{8B0773F4-E04A-40EA-8C02-8ECFE1DCD428}.QA|x64.ActiveCfg = QA|Any CPU
		{8B0773F4-E04A-40EA-8C02-8ECFE1DCD428}.QA|x86.ActiveCfg = QA|Any CPU
		{8B0773F4-E04A-40EA-8C02-8ECFE1DCD428}.Release|Any CPU.ActiveCfg = Release|Any CPU
		{8B0773F4-E04A-40EA-8C02-8ECFE1DCD428}.Release|Any CPU.Build.0 = Release|Any CPU
		{8B0773F4-E04A-40EA-8C02-8ECFE1DCD428}.Release|ARM.ActiveCfg = Release|Any CPU
		{8B0773F4-E04A-40EA-8C02-8ECFE1DCD428}.Release|x64.ActiveCfg = Release|Any CPU
		{8B0773F4-E04A-40EA-8C02-8ECFE1DCD428}.Release|x86.ActiveCfg = Release|Any CPU
		{8B0773F4-E04A-40EA-8C02-8ECFE1DCD428}.Stage|Any CPU.ActiveCfg = Stage|Any CPU
		{8B0773F4-E04A-40EA-8C02-8ECFE1DCD428}.Stage|Any CPU.Build.0 = Stage|Any CPU
		{8B0773F4-E04A-40EA-8C02-8ECFE1DCD428}.Stage|ARM.ActiveCfg = Stage|Any CPU
		{8B0773F4-E04A-40EA-8C02-8ECFE1DCD428}.Stage|x64.ActiveCfg = Stage|Any CPU
		{8B0773F4-E04A-40EA-8C02-8ECFE1DCD428}.Stage|x86.ActiveCfg = Stage|Any CPU
		{201CB42A-0579-49D0-955A-BD5A1660119E}.Debug|Any CPU.ActiveCfg = Debug|Any CPU
		{201CB42A-0579-49D0-955A-BD5A1660119E}.Debug|Any CPU.Build.0 = Debug|Any CPU
		{201CB42A-0579-49D0-955A-BD5A1660119E}.Debug|ARM.ActiveCfg = Debug|Any CPU
		{201CB42A-0579-49D0-955A-BD5A1660119E}.Debug|x64.ActiveCfg = Debug|Any CPU
		{201CB42A-0579-49D0-955A-BD5A1660119E}.Debug|x86.ActiveCfg = Debug|Any CPU
		{201CB42A-0579-49D0-955A-BD5A1660119E}.QA|Any CPU.ActiveCfg = QA|Any CPU
		{201CB42A-0579-49D0-955A-BD5A1660119E}.QA|Any CPU.Build.0 = QA|Any CPU
		{201CB42A-0579-49D0-955A-BD5A1660119E}.QA|ARM.ActiveCfg = QA|Any CPU
		{201CB42A-0579-49D0-955A-BD5A1660119E}.QA|x64.ActiveCfg = QA|Any CPU
		{201CB42A-0579-49D0-955A-BD5A1660119E}.QA|x86.ActiveCfg = QA|Any CPU
		{201CB42A-0579-49D0-955A-BD5A1660119E}.Release|Any CPU.ActiveCfg = Release|Any CPU
		{201CB42A-0579-49D0-955A-BD5A1660119E}.Release|Any CPU.Build.0 = Release|Any CPU
		{201CB42A-0579-49D0-955A-BD5A1660119E}.Release|ARM.ActiveCfg = Release|Any CPU
		{201CB42A-0579-49D0-955A-BD5A1660119E}.Release|x64.ActiveCfg = Release|Any CPU
		{201CB42A-0579-49D0-955A-BD5A1660119E}.Release|x86.ActiveCfg = Release|Any CPU
		{201CB42A-0579-49D0-955A-BD5A1660119E}.Stage|Any CPU.ActiveCfg = Stage|Any CPU
		{201CB42A-0579-49D0-955A-BD5A1660119E}.Stage|Any CPU.Build.0 = Stage|Any CPU
		{201CB42A-0579-49D0-955A-BD5A1660119E}.Stage|ARM.ActiveCfg = Stage|Any CPU
		{201CB42A-0579-49D0-955A-BD5A1660119E}.Stage|x64.ActiveCfg = Stage|Any CPU
		{201CB42A-0579-49D0-955A-BD5A1660119E}.Stage|x86.ActiveCfg = Stage|Any CPU
		{3845709B-5EAE-466B-A381-AA9A121E4A6A}.Debug|Any CPU.ActiveCfg = Debug|Any CPU
		{3845709B-5EAE-466B-A381-AA9A121E4A6A}.Debug|Any CPU.Build.0 = Debug|Any CPU
		{3845709B-5EAE-466B-A381-AA9A121E4A6A}.Debug|ARM.ActiveCfg = Debug|Any CPU
		{3845709B-5EAE-466B-A381-AA9A121E4A6A}.Debug|x64.ActiveCfg = Debug|Any CPU
		{3845709B-5EAE-466B-A381-AA9A121E4A6A}.Debug|x86.ActiveCfg = Debug|Any CPU
		{3845709B-5EAE-466B-A381-AA9A121E4A6A}.QA|Any CPU.ActiveCfg = QA|Any CPU
		{3845709B-5EAE-466B-A381-AA9A121E4A6A}.QA|Any CPU.Build.0 = QA|Any CPU
		{3845709B-5EAE-466B-A381-AA9A121E4A6A}.QA|ARM.ActiveCfg = QA|Any CPU
		{3845709B-5EAE-466B-A381-AA9A121E4A6A}.QA|x64.ActiveCfg = QA|Any CPU
		{3845709B-5EAE-466B-A381-AA9A121E4A6A}.QA|x86.ActiveCfg = QA|Any CPU
		{3845709B-5EAE-466B-A381-AA9A121E4A6A}.Release|Any CPU.ActiveCfg = Release|Any CPU
		{3845709B-5EAE-466B-A381-AA9A121E4A6A}.Release|Any CPU.Build.0 = Release|Any CPU
		{3845709B-5EAE-466B-A381-AA9A121E4A6A}.Release|ARM.ActiveCfg = Release|Any CPU
		{3845709B-5EAE-466B-A381-AA9A121E4A6A}.Release|x64.ActiveCfg = Release|Any CPU
		{3845709B-5EAE-466B-A381-AA9A121E4A6A}.Release|x86.ActiveCfg = Release|Any CPU
		{3845709B-5EAE-466B-A381-AA9A121E4A6A}.Stage|Any CPU.ActiveCfg = Stage|Any CPU
		{3845709B-5EAE-466B-A381-AA9A121E4A6A}.Stage|Any CPU.Build.0 = Stage|Any CPU
		{3845709B-5EAE-466B-A381-AA9A121E4A6A}.Stage|ARM.ActiveCfg = Stage|Any CPU
		{3845709B-5EAE-466B-A381-AA9A121E4A6A}.Stage|x64.ActiveCfg = Stage|Any CPU
		{3845709B-5EAE-466B-A381-AA9A121E4A6A}.Stage|x86.ActiveCfg = Stage|Any CPU
		{EA0A5A9E-AC18-4E7B-BDE2-5ABE8FBFDEA1}.Debug|Any CPU.ActiveCfg = Debug|Any CPU
		{EA0A5A9E-AC18-4E7B-BDE2-5ABE8FBFDEA1}.Debug|Any CPU.Build.0 = Debug|Any CPU
		{EA0A5A9E-AC18-4E7B-BDE2-5ABE8FBFDEA1}.Debug|ARM.ActiveCfg = Debug|Any CPU
		{EA0A5A9E-AC18-4E7B-BDE2-5ABE8FBFDEA1}.Debug|x64.ActiveCfg = Debug|Any CPU
		{EA0A5A9E-AC18-4E7B-BDE2-5ABE8FBFDEA1}.Debug|x86.ActiveCfg = Debug|Any CPU
		{EA0A5A9E-AC18-4E7B-BDE2-5ABE8FBFDEA1}.QA|Any CPU.ActiveCfg = QA|Any CPU
		{EA0A5A9E-AC18-4E7B-BDE2-5ABE8FBFDEA1}.QA|Any CPU.Build.0 = QA|Any CPU
		{EA0A5A9E-AC18-4E7B-BDE2-5ABE8FBFDEA1}.QA|ARM.ActiveCfg = QA|Any CPU
		{EA0A5A9E-AC18-4E7B-BDE2-5ABE8FBFDEA1}.QA|x64.ActiveCfg = QA|Any CPU
		{EA0A5A9E-AC18-4E7B-BDE2-5ABE8FBFDEA1}.QA|x86.ActiveCfg = QA|Any CPU
		{EA0A5A9E-AC18-4E7B-BDE2-5ABE8FBFDEA1}.Release|Any CPU.ActiveCfg = Release|Any CPU
		{EA0A5A9E-AC18-4E7B-BDE2-5ABE8FBFDEA1}.Release|Any CPU.Build.0 = Release|Any CPU
		{EA0A5A9E-AC18-4E7B-BDE2-5ABE8FBFDEA1}.Release|ARM.ActiveCfg = Release|Any CPU
		{EA0A5A9E-AC18-4E7B-BDE2-5ABE8FBFDEA1}.Release|x64.ActiveCfg = Release|Any CPU
		{EA0A5A9E-AC18-4E7B-BDE2-5ABE8FBFDEA1}.Release|x86.ActiveCfg = Release|Any CPU
		{EA0A5A9E-AC18-4E7B-BDE2-5ABE8FBFDEA1}.Stage|Any CPU.ActiveCfg = Stage|Any CPU
		{EA0A5A9E-AC18-4E7B-BDE2-5ABE8FBFDEA1}.Stage|Any CPU.Build.0 = Stage|Any CPU
		{EA0A5A9E-AC18-4E7B-BDE2-5ABE8FBFDEA1}.Stage|ARM.ActiveCfg = Stage|Any CPU
		{EA0A5A9E-AC18-4E7B-BDE2-5ABE8FBFDEA1}.Stage|x64.ActiveCfg = Stage|Any CPU
		{EA0A5A9E-AC18-4E7B-BDE2-5ABE8FBFDEA1}.Stage|x86.ActiveCfg = Stage|Any CPU
		{28848568-DCF6-47B1-AF19-7F186DE013E3}.Debug|Any CPU.ActiveCfg = Debug|Any CPU
		{28848568-DCF6-47B1-AF19-7F186DE013E3}.Debug|Any CPU.Build.0 = Debug|Any CPU
		{28848568-DCF6-47B1-AF19-7F186DE013E3}.Debug|ARM.ActiveCfg = Debug|Any CPU
		{28848568-DCF6-47B1-AF19-7F186DE013E3}.Debug|x64.ActiveCfg = Debug|Any CPU
		{28848568-DCF6-47B1-AF19-7F186DE013E3}.Debug|x86.ActiveCfg = Debug|Any CPU
		{28848568-DCF6-47B1-AF19-7F186DE013E3}.QA|Any CPU.ActiveCfg = QA|Any CPU
		{28848568-DCF6-47B1-AF19-7F186DE013E3}.QA|Any CPU.Build.0 = QA|Any CPU
		{28848568-DCF6-47B1-AF19-7F186DE013E3}.QA|ARM.ActiveCfg = QA|Any CPU
		{28848568-DCF6-47B1-AF19-7F186DE013E3}.QA|x64.ActiveCfg = QA|Any CPU
		{28848568-DCF6-47B1-AF19-7F186DE013E3}.QA|x86.ActiveCfg = QA|Any CPU
		{28848568-DCF6-47B1-AF19-7F186DE013E3}.Release|Any CPU.ActiveCfg = Release|Any CPU
		{28848568-DCF6-47B1-AF19-7F186DE013E3}.Release|Any CPU.Build.0 = Release|Any CPU
		{28848568-DCF6-47B1-AF19-7F186DE013E3}.Release|ARM.ActiveCfg = Release|Any CPU
		{28848568-DCF6-47B1-AF19-7F186DE013E3}.Release|x64.ActiveCfg = Release|Any CPU
		{28848568-DCF6-47B1-AF19-7F186DE013E3}.Release|x86.ActiveCfg = Release|Any CPU
		{28848568-DCF6-47B1-AF19-7F186DE013E3}.Stage|Any CPU.ActiveCfg = Stage|Any CPU
		{28848568-DCF6-47B1-AF19-7F186DE013E3}.Stage|Any CPU.Build.0 = Stage|Any CPU
		{28848568-DCF6-47B1-AF19-7F186DE013E3}.Stage|ARM.ActiveCfg = Stage|Any CPU
		{28848568-DCF6-47B1-AF19-7F186DE013E3}.Stage|x64.ActiveCfg = Stage|Any CPU
		{28848568-DCF6-47B1-AF19-7F186DE013E3}.Stage|x86.ActiveCfg = Stage|Any CPU
		{63F829A1-2BD9-49ED-B209-319C58538BF6}.Debug|Any CPU.ActiveCfg = Debug|Any CPU
		{63F829A1-2BD9-49ED-B209-319C58538BF6}.Debug|Any CPU.Build.0 = Debug|Any CPU
		{63F829A1-2BD9-49ED-B209-319C58538BF6}.Debug|ARM.ActiveCfg = Debug|Any CPU
		{63F829A1-2BD9-49ED-B209-319C58538BF6}.Debug|x64.ActiveCfg = Debug|Any CPU
		{63F829A1-2BD9-49ED-B209-319C58538BF6}.Debug|x86.ActiveCfg = Debug|Any CPU
		{63F829A1-2BD9-49ED-B209-319C58538BF6}.QA|Any CPU.ActiveCfg = QA|Any CPU
		{63F829A1-2BD9-49ED-B209-319C58538BF6}.QA|Any CPU.Build.0 = QA|Any CPU
		{63F829A1-2BD9-49ED-B209-319C58538BF6}.QA|ARM.ActiveCfg = QA|Any CPU
		{63F829A1-2BD9-49ED-B209-319C58538BF6}.QA|x64.ActiveCfg = QA|Any CPU
		{63F829A1-2BD9-49ED-B209-319C58538BF6}.QA|x86.ActiveCfg = QA|Any CPU
		{63F829A1-2BD9-49ED-B209-319C58538BF6}.Release|Any CPU.ActiveCfg = Release|Any CPU
		{63F829A1-2BD9-49ED-B209-319C58538BF6}.Release|Any CPU.Build.0 = Release|Any CPU
		{63F829A1-2BD9-49ED-B209-319C58538BF6}.Release|ARM.ActiveCfg = Release|Any CPU
		{63F829A1-2BD9-49ED-B209-319C58538BF6}.Release|x64.ActiveCfg = Release|Any CPU
		{63F829A1-2BD9-49ED-B209-319C58538BF6}.Release|x86.ActiveCfg = Release|Any CPU
		{63F829A1-2BD9-49ED-B209-319C58538BF6}.Stage|Any CPU.ActiveCfg = Stage|Any CPU
		{63F829A1-2BD9-49ED-B209-319C58538BF6}.Stage|Any CPU.Build.0 = Stage|Any CPU
		{63F829A1-2BD9-49ED-B209-319C58538BF6}.Stage|ARM.ActiveCfg = Stage|Any CPU
		{63F829A1-2BD9-49ED-B209-319C58538BF6}.Stage|x64.ActiveCfg = Stage|Any CPU
		{63F829A1-2BD9-49ED-B209-319C58538BF6}.Stage|x86.ActiveCfg = Stage|Any CPU
		{3864282A-6024-453E-A35A-C6ADE39A520E}.Debug|Any CPU.ActiveCfg = Debug|Any CPU
		{3864282A-6024-453E-A35A-C6ADE39A520E}.Debug|Any CPU.Build.0 = Debug|Any CPU
		{3864282A-6024-453E-A35A-C6ADE39A520E}.Debug|Any CPU.Deploy.0 = Debug|Any CPU
		{3864282A-6024-453E-A35A-C6ADE39A520E}.Debug|ARM.ActiveCfg = Debug|Any CPU
		{3864282A-6024-453E-A35A-C6ADE39A520E}.Debug|x64.ActiveCfg = Debug|Any CPU
		{3864282A-6024-453E-A35A-C6ADE39A520E}.Debug|x86.ActiveCfg = Debug|Any CPU
		{3864282A-6024-453E-A35A-C6ADE39A520E}.QA|Any CPU.ActiveCfg = QA|Any CPU
		{3864282A-6024-453E-A35A-C6ADE39A520E}.QA|Any CPU.Build.0 = QA|Any CPU
		{3864282A-6024-453E-A35A-C6ADE39A520E}.QA|ARM.ActiveCfg = QA|Any CPU
		{3864282A-6024-453E-A35A-C6ADE39A520E}.QA|x64.ActiveCfg = QA|Any CPU
		{3864282A-6024-453E-A35A-C6ADE39A520E}.QA|x86.ActiveCfg = QA|Any CPU
		{3864282A-6024-453E-A35A-C6ADE39A520E}.Release|Any CPU.ActiveCfg = Release|Any CPU
		{3864282A-6024-453E-A35A-C6ADE39A520E}.Release|Any CPU.Build.0 = Release|Any CPU
		{3864282A-6024-453E-A35A-C6ADE39A520E}.Release|ARM.ActiveCfg = Release|Any CPU
		{3864282A-6024-453E-A35A-C6ADE39A520E}.Release|x64.ActiveCfg = Release|Any CPU
		{3864282A-6024-453E-A35A-C6ADE39A520E}.Release|x86.ActiveCfg = Release|Any CPU
		{3864282A-6024-453E-A35A-C6ADE39A520E}.Stage|Any CPU.ActiveCfg = Stage|Any CPU
		{3864282A-6024-453E-A35A-C6ADE39A520E}.Stage|Any CPU.Build.0 = Stage|Any CPU
		{3864282A-6024-453E-A35A-C6ADE39A520E}.Stage|ARM.ActiveCfg = Stage|Any CPU
		{3864282A-6024-453E-A35A-C6ADE39A520E}.Stage|x64.ActiveCfg = Stage|Any CPU
		{3864282A-6024-453E-A35A-C6ADE39A520E}.Stage|x86.ActiveCfg = Stage|Any CPU
		{D8C35AC6-25A6-46A8-9A6F-5DB8442EAD21}.Debug|Any CPU.ActiveCfg = Debug|Any CPU
		{D8C35AC6-25A6-46A8-9A6F-5DB8442EAD21}.Debug|Any CPU.Build.0 = Debug|Any CPU
		{D8C35AC6-25A6-46A8-9A6F-5DB8442EAD21}.Debug|ARM.ActiveCfg = Debug|Any CPU
		{D8C35AC6-25A6-46A8-9A6F-5DB8442EAD21}.Debug|x64.ActiveCfg = Debug|Any CPU
		{D8C35AC6-25A6-46A8-9A6F-5DB8442EAD21}.Debug|x86.ActiveCfg = Debug|Any CPU
		{D8C35AC6-25A6-46A8-9A6F-5DB8442EAD21}.QA|Any CPU.ActiveCfg = QA|Any CPU
		{D8C35AC6-25A6-46A8-9A6F-5DB8442EAD21}.QA|Any CPU.Build.0 = QA|Any CPU
		{D8C35AC6-25A6-46A8-9A6F-5DB8442EAD21}.QA|ARM.ActiveCfg = QA|Any CPU
		{D8C35AC6-25A6-46A8-9A6F-5DB8442EAD21}.QA|x64.ActiveCfg = QA|Any CPU
		{D8C35AC6-25A6-46A8-9A6F-5DB8442EAD21}.QA|x86.ActiveCfg = QA|Any CPU
		{D8C35AC6-25A6-46A8-9A6F-5DB8442EAD21}.Release|Any CPU.ActiveCfg = Release|Any CPU
		{D8C35AC6-25A6-46A8-9A6F-5DB8442EAD21}.Release|Any CPU.Build.0 = Release|Any CPU
		{D8C35AC6-25A6-46A8-9A6F-5DB8442EAD21}.Release|ARM.ActiveCfg = Release|Any CPU
		{D8C35AC6-25A6-46A8-9A6F-5DB8442EAD21}.Release|x64.ActiveCfg = Release|Any CPU
		{D8C35AC6-25A6-46A8-9A6F-5DB8442EAD21}.Release|x86.ActiveCfg = Release|Any CPU
		{D8C35AC6-25A6-46A8-9A6F-5DB8442EAD21}.Stage|Any CPU.ActiveCfg = Stage|Any CPU
		{D8C35AC6-25A6-46A8-9A6F-5DB8442EAD21}.Stage|Any CPU.Build.0 = Stage|Any CPU
		{D8C35AC6-25A6-46A8-9A6F-5DB8442EAD21}.Stage|ARM.ActiveCfg = Stage|Any CPU
		{D8C35AC6-25A6-46A8-9A6F-5DB8442EAD21}.Stage|x64.ActiveCfg = Stage|Any CPU
		{D8C35AC6-25A6-46A8-9A6F-5DB8442EAD21}.Stage|x86.ActiveCfg = Stage|Any CPU
		{F5644194-5AB2-4FBA-8632-46630FB5DDD3}.Debug|Any CPU.ActiveCfg = Debug|Any CPU
		{F5644194-5AB2-4FBA-8632-46630FB5DDD3}.Debug|Any CPU.Build.0 = Debug|Any CPU
		{F5644194-5AB2-4FBA-8632-46630FB5DDD3}.Debug|ARM.ActiveCfg = Debug|Any CPU
		{F5644194-5AB2-4FBA-8632-46630FB5DDD3}.Debug|x64.ActiveCfg = Debug|Any CPU
		{F5644194-5AB2-4FBA-8632-46630FB5DDD3}.Debug|x86.ActiveCfg = Debug|Any CPU
		{F5644194-5AB2-4FBA-8632-46630FB5DDD3}.QA|Any CPU.ActiveCfg = QA|Any CPU
		{F5644194-5AB2-4FBA-8632-46630FB5DDD3}.QA|Any CPU.Build.0 = QA|Any CPU
		{F5644194-5AB2-4FBA-8632-46630FB5DDD3}.QA|ARM.ActiveCfg = QA|Any CPU
		{F5644194-5AB2-4FBA-8632-46630FB5DDD3}.QA|x64.ActiveCfg = QA|Any CPU
		{F5644194-5AB2-4FBA-8632-46630FB5DDD3}.QA|x86.ActiveCfg = QA|Any CPU
		{F5644194-5AB2-4FBA-8632-46630FB5DDD3}.Release|Any CPU.ActiveCfg = Release|Any CPU
		{F5644194-5AB2-4FBA-8632-46630FB5DDD3}.Release|Any CPU.Build.0 = Release|Any CPU
		{F5644194-5AB2-4FBA-8632-46630FB5DDD3}.Release|ARM.ActiveCfg = Release|Any CPU
		{F5644194-5AB2-4FBA-8632-46630FB5DDD3}.Release|x64.ActiveCfg = Release|Any CPU
		{F5644194-5AB2-4FBA-8632-46630FB5DDD3}.Release|x86.ActiveCfg = Release|Any CPU
		{F5644194-5AB2-4FBA-8632-46630FB5DDD3}.Stage|Any CPU.ActiveCfg = Stage|Any CPU
		{F5644194-5AB2-4FBA-8632-46630FB5DDD3}.Stage|Any CPU.Build.0 = Stage|Any CPU
		{F5644194-5AB2-4FBA-8632-46630FB5DDD3}.Stage|ARM.ActiveCfg = Stage|Any CPU
		{F5644194-5AB2-4FBA-8632-46630FB5DDD3}.Stage|x64.ActiveCfg = Stage|Any CPU
		{F5644194-5AB2-4FBA-8632-46630FB5DDD3}.Stage|x86.ActiveCfg = Stage|Any CPU
		{71D628D4-24AB-4493-A7BA-8C5565870A17}.Debug|Any CPU.ActiveCfg = Debug|Any CPU
		{71D628D4-24AB-4493-A7BA-8C5565870A17}.Debug|Any CPU.Build.0 = Debug|Any CPU
		{71D628D4-24AB-4493-A7BA-8C5565870A17}.Debug|ARM.ActiveCfg = Debug|Any CPU
		{71D628D4-24AB-4493-A7BA-8C5565870A17}.Debug|x64.ActiveCfg = Debug|Any CPU
		{71D628D4-24AB-4493-A7BA-8C5565870A17}.Debug|x86.ActiveCfg = Debug|Any CPU
		{71D628D4-24AB-4493-A7BA-8C5565870A17}.QA|Any CPU.ActiveCfg = QA|Any CPU
		{71D628D4-24AB-4493-A7BA-8C5565870A17}.QA|Any CPU.Build.0 = QA|Any CPU
		{71D628D4-24AB-4493-A7BA-8C5565870A17}.QA|ARM.ActiveCfg = QA|Any CPU
		{71D628D4-24AB-4493-A7BA-8C5565870A17}.QA|x64.ActiveCfg = QA|Any CPU
		{71D628D4-24AB-4493-A7BA-8C5565870A17}.QA|x86.ActiveCfg = QA|Any CPU
		{71D628D4-24AB-4493-A7BA-8C5565870A17}.Release|Any CPU.ActiveCfg = Release|Any CPU
		{71D628D4-24AB-4493-A7BA-8C5565870A17}.Release|Any CPU.Build.0 = Release|Any CPU
		{71D628D4-24AB-4493-A7BA-8C5565870A17}.Release|ARM.ActiveCfg = Release|Any CPU
		{71D628D4-24AB-4493-A7BA-8C5565870A17}.Release|x64.ActiveCfg = Release|Any CPU
		{71D628D4-24AB-4493-A7BA-8C5565870A17}.Release|x86.ActiveCfg = Release|Any CPU
		{71D628D4-24AB-4493-A7BA-8C5565870A17}.Stage|Any CPU.ActiveCfg = Stage|Any CPU
		{71D628D4-24AB-4493-A7BA-8C5565870A17}.Stage|Any CPU.Build.0 = Stage|Any CPU
		{71D628D4-24AB-4493-A7BA-8C5565870A17}.Stage|ARM.ActiveCfg = Stage|Any CPU
		{71D628D4-24AB-4493-A7BA-8C5565870A17}.Stage|x64.ActiveCfg = Stage|Any CPU
		{71D628D4-24AB-4493-A7BA-8C5565870A17}.Stage|x86.ActiveCfg = Stage|Any CPU
		{303C7119-0F5C-4873-8B80-41FCB1C4BB93}.Debug|Any CPU.ActiveCfg = Debug|Any CPU
		{303C7119-0F5C-4873-8B80-41FCB1C4BB93}.Debug|Any CPU.Build.0 = Debug|Any CPU
		{303C7119-0F5C-4873-8B80-41FCB1C4BB93}.Debug|ARM.ActiveCfg = Debug|Any CPU
		{303C7119-0F5C-4873-8B80-41FCB1C4BB93}.Debug|x64.ActiveCfg = Debug|Any CPU
		{303C7119-0F5C-4873-8B80-41FCB1C4BB93}.Debug|x86.ActiveCfg = Debug|Any CPU
		{303C7119-0F5C-4873-8B80-41FCB1C4BB93}.QA|Any CPU.ActiveCfg = Release|Any CPU
		{303C7119-0F5C-4873-8B80-41FCB1C4BB93}.QA|Any CPU.Build.0 = Release|Any CPU
		{303C7119-0F5C-4873-8B80-41FCB1C4BB93}.QA|ARM.ActiveCfg = Stage|Any CPU
		{303C7119-0F5C-4873-8B80-41FCB1C4BB93}.QA|x64.ActiveCfg = Stage|Any CPU
		{303C7119-0F5C-4873-8B80-41FCB1C4BB93}.QA|x86.ActiveCfg = Stage|Any CPU
		{303C7119-0F5C-4873-8B80-41FCB1C4BB93}.Release|Any CPU.ActiveCfg = Release|Any CPU
		{303C7119-0F5C-4873-8B80-41FCB1C4BB93}.Release|Any CPU.Build.0 = Release|Any CPU
		{303C7119-0F5C-4873-8B80-41FCB1C4BB93}.Release|ARM.ActiveCfg = Release|Any CPU
		{303C7119-0F5C-4873-8B80-41FCB1C4BB93}.Release|x64.ActiveCfg = Release|Any CPU
		{303C7119-0F5C-4873-8B80-41FCB1C4BB93}.Release|x86.ActiveCfg = Release|Any CPU
		{303C7119-0F5C-4873-8B80-41FCB1C4BB93}.Stage|Any CPU.ActiveCfg = Stage|Any CPU
		{303C7119-0F5C-4873-8B80-41FCB1C4BB93}.Stage|Any CPU.Build.0 = Stage|Any CPU
		{303C7119-0F5C-4873-8B80-41FCB1C4BB93}.Stage|ARM.ActiveCfg = Stage|Any CPU
		{303C7119-0F5C-4873-8B80-41FCB1C4BB93}.Stage|x64.ActiveCfg = Stage|Any CPU
		{303C7119-0F5C-4873-8B80-41FCB1C4BB93}.Stage|x86.ActiveCfg = Stage|Any CPU
		{6A0522AA-6EF2-41A8-9AE2-A36379A90BFF}.Debug|Any CPU.ActiveCfg = Debug|Any CPU
		{6A0522AA-6EF2-41A8-9AE2-A36379A90BFF}.Debug|Any CPU.Build.0 = Debug|Any CPU
		{6A0522AA-6EF2-41A8-9AE2-A36379A90BFF}.Debug|ARM.ActiveCfg = Debug|Any CPU
		{6A0522AA-6EF2-41A8-9AE2-A36379A90BFF}.Debug|x64.ActiveCfg = Debug|Any CPU
		{6A0522AA-6EF2-41A8-9AE2-A36379A90BFF}.Debug|x86.ActiveCfg = Debug|Any CPU
		{6A0522AA-6EF2-41A8-9AE2-A36379A90BFF}.QA|Any CPU.ActiveCfg = Release|Any CPU
		{6A0522AA-6EF2-41A8-9AE2-A36379A90BFF}.QA|Any CPU.Build.0 = Release|Any CPU
		{6A0522AA-6EF2-41A8-9AE2-A36379A90BFF}.QA|ARM.ActiveCfg = Stage|Any CPU
		{6A0522AA-6EF2-41A8-9AE2-A36379A90BFF}.QA|x64.ActiveCfg = Stage|Any CPU
		{6A0522AA-6EF2-41A8-9AE2-A36379A90BFF}.QA|x86.ActiveCfg = Stage|Any CPU
		{6A0522AA-6EF2-41A8-9AE2-A36379A90BFF}.Release|Any CPU.ActiveCfg = Release|Any CPU
		{6A0522AA-6EF2-41A8-9AE2-A36379A90BFF}.Release|Any CPU.Build.0 = Release|Any CPU
		{6A0522AA-6EF2-41A8-9AE2-A36379A90BFF}.Release|ARM.ActiveCfg = Release|Any CPU
		{6A0522AA-6EF2-41A8-9AE2-A36379A90BFF}.Release|x64.ActiveCfg = Release|Any CPU
		{6A0522AA-6EF2-41A8-9AE2-A36379A90BFF}.Release|x86.ActiveCfg = Release|Any CPU
		{6A0522AA-6EF2-41A8-9AE2-A36379A90BFF}.Stage|Any CPU.ActiveCfg = Stage|Any CPU
		{6A0522AA-6EF2-41A8-9AE2-A36379A90BFF}.Stage|Any CPU.Build.0 = Stage|Any CPU
		{6A0522AA-6EF2-41A8-9AE2-A36379A90BFF}.Stage|ARM.ActiveCfg = Stage|Any CPU
		{6A0522AA-6EF2-41A8-9AE2-A36379A90BFF}.Stage|x64.ActiveCfg = Stage|Any CPU
		{6A0522AA-6EF2-41A8-9AE2-A36379A90BFF}.Stage|x86.ActiveCfg = Stage|Any CPU
		{B53BA670-6C29-414B-AC89-0D83429DCB31}.Debug|Any CPU.ActiveCfg = Debug|Any CPU
		{B53BA670-6C29-414B-AC89-0D83429DCB31}.Debug|Any CPU.Build.0 = Debug|Any CPU
		{B53BA670-6C29-414B-AC89-0D83429DCB31}.Debug|ARM.ActiveCfg = Debug|Any CPU
		{B53BA670-6C29-414B-AC89-0D83429DCB31}.Debug|x64.ActiveCfg = Debug|Any CPU
		{B53BA670-6C29-414B-AC89-0D83429DCB31}.Debug|x86.ActiveCfg = Debug|Any CPU
		{B53BA670-6C29-414B-AC89-0D83429DCB31}.QA|Any CPU.ActiveCfg = Release|Any CPU
		{B53BA670-6C29-414B-AC89-0D83429DCB31}.QA|Any CPU.Build.0 = Release|Any CPU
		{B53BA670-6C29-414B-AC89-0D83429DCB31}.QA|ARM.ActiveCfg = Stage|Any CPU
		{B53BA670-6C29-414B-AC89-0D83429DCB31}.QA|x64.ActiveCfg = Stage|Any CPU
		{B53BA670-6C29-414B-AC89-0D83429DCB31}.QA|x86.ActiveCfg = Stage|Any CPU
		{B53BA670-6C29-414B-AC89-0D83429DCB31}.Release|Any CPU.ActiveCfg = Release|Any CPU
		{B53BA670-6C29-414B-AC89-0D83429DCB31}.Release|Any CPU.Build.0 = Release|Any CPU
		{B53BA670-6C29-414B-AC89-0D83429DCB31}.Release|ARM.ActiveCfg = Release|Any CPU
		{B53BA670-6C29-414B-AC89-0D83429DCB31}.Release|x64.ActiveCfg = Release|Any CPU
		{B53BA670-6C29-414B-AC89-0D83429DCB31}.Release|x86.ActiveCfg = Release|Any CPU
		{B53BA670-6C29-414B-AC89-0D83429DCB31}.Stage|Any CPU.ActiveCfg = Stage|Any CPU
		{B53BA670-6C29-414B-AC89-0D83429DCB31}.Stage|Any CPU.Build.0 = Stage|Any CPU
		{B53BA670-6C29-414B-AC89-0D83429DCB31}.Stage|ARM.ActiveCfg = Stage|Any CPU
		{B53BA670-6C29-414B-AC89-0D83429DCB31}.Stage|x64.ActiveCfg = Stage|Any CPU
		{B53BA670-6C29-414B-AC89-0D83429DCB31}.Stage|x86.ActiveCfg = Stage|Any CPU
		{8FFBC954-59BA-454E-ADF6-7103BF2364F0}.Debug|Any CPU.ActiveCfg = Debug|Any CPU
		{8FFBC954-59BA-454E-ADF6-7103BF2364F0}.Debug|Any CPU.Build.0 = Debug|Any CPU
		{8FFBC954-59BA-454E-ADF6-7103BF2364F0}.Debug|ARM.ActiveCfg = Debug|Any CPU
		{8FFBC954-59BA-454E-ADF6-7103BF2364F0}.Debug|x64.ActiveCfg = Debug|Any CPU
		{8FFBC954-59BA-454E-ADF6-7103BF2364F0}.Debug|x86.ActiveCfg = Debug|Any CPU
		{8FFBC954-59BA-454E-ADF6-7103BF2364F0}.QA|Any CPU.ActiveCfg = Release|Any CPU
		{8FFBC954-59BA-454E-ADF6-7103BF2364F0}.QA|Any CPU.Build.0 = Release|Any CPU
		{8FFBC954-59BA-454E-ADF6-7103BF2364F0}.QA|ARM.ActiveCfg = Stage|Any CPU
		{8FFBC954-59BA-454E-ADF6-7103BF2364F0}.QA|x64.ActiveCfg = Stage|Any CPU
		{8FFBC954-59BA-454E-ADF6-7103BF2364F0}.QA|x86.ActiveCfg = Stage|Any CPU
		{8FFBC954-59BA-454E-ADF6-7103BF2364F0}.Release|Any CPU.ActiveCfg = Release|Any CPU
		{8FFBC954-59BA-454E-ADF6-7103BF2364F0}.Release|Any CPU.Build.0 = Release|Any CPU
		{8FFBC954-59BA-454E-ADF6-7103BF2364F0}.Release|ARM.ActiveCfg = Release|Any CPU
		{8FFBC954-59BA-454E-ADF6-7103BF2364F0}.Release|x64.ActiveCfg = Release|Any CPU
		{8FFBC954-59BA-454E-ADF6-7103BF2364F0}.Release|x86.ActiveCfg = Release|Any CPU
		{8FFBC954-59BA-454E-ADF6-7103BF2364F0}.Stage|Any CPU.ActiveCfg = Stage|Any CPU
		{8FFBC954-59BA-454E-ADF6-7103BF2364F0}.Stage|Any CPU.Build.0 = Stage|Any CPU
		{8FFBC954-59BA-454E-ADF6-7103BF2364F0}.Stage|ARM.ActiveCfg = Stage|Any CPU
		{8FFBC954-59BA-454E-ADF6-7103BF2364F0}.Stage|x64.ActiveCfg = Stage|Any CPU
		{8FFBC954-59BA-454E-ADF6-7103BF2364F0}.Stage|x86.ActiveCfg = Stage|Any CPU
		{DC2CE6AE-9737-49F5-AADD-F3A3BD384A72}.Debug|Any CPU.ActiveCfg = Debug|Any CPU
		{DC2CE6AE-9737-49F5-AADD-F3A3BD384A72}.Debug|Any CPU.Build.0 = Debug|Any CPU
		{DC2CE6AE-9737-49F5-AADD-F3A3BD384A72}.Debug|ARM.ActiveCfg = Debug|Any CPU
		{DC2CE6AE-9737-49F5-AADD-F3A3BD384A72}.Debug|x64.ActiveCfg = Debug|Any CPU
		{DC2CE6AE-9737-49F5-AADD-F3A3BD384A72}.Debug|x86.ActiveCfg = Debug|Any CPU
		{DC2CE6AE-9737-49F5-AADD-F3A3BD384A72}.QA|Any CPU.ActiveCfg = Release|Any CPU
		{DC2CE6AE-9737-49F5-AADD-F3A3BD384A72}.QA|Any CPU.Build.0 = Release|Any CPU
		{DC2CE6AE-9737-49F5-AADD-F3A3BD384A72}.QA|ARM.ActiveCfg = Stage|Any CPU
		{DC2CE6AE-9737-49F5-AADD-F3A3BD384A72}.QA|x64.ActiveCfg = Stage|Any CPU
		{DC2CE6AE-9737-49F5-AADD-F3A3BD384A72}.QA|x86.ActiveCfg = Stage|Any CPU
		{DC2CE6AE-9737-49F5-AADD-F3A3BD384A72}.Release|Any CPU.ActiveCfg = Release|Any CPU
		{DC2CE6AE-9737-49F5-AADD-F3A3BD384A72}.Release|Any CPU.Build.0 = Release|Any CPU
		{DC2CE6AE-9737-49F5-AADD-F3A3BD384A72}.Release|ARM.ActiveCfg = Release|Any CPU
		{DC2CE6AE-9737-49F5-AADD-F3A3BD384A72}.Release|x64.ActiveCfg = Release|Any CPU
		{DC2CE6AE-9737-49F5-AADD-F3A3BD384A72}.Release|x86.ActiveCfg = Release|Any CPU
		{DC2CE6AE-9737-49F5-AADD-F3A3BD384A72}.Stage|Any CPU.ActiveCfg = Stage|Any CPU
		{DC2CE6AE-9737-49F5-AADD-F3A3BD384A72}.Stage|Any CPU.Build.0 = Stage|Any CPU
		{DC2CE6AE-9737-49F5-AADD-F3A3BD384A72}.Stage|ARM.ActiveCfg = Stage|Any CPU
		{DC2CE6AE-9737-49F5-AADD-F3A3BD384A72}.Stage|x64.ActiveCfg = Stage|Any CPU
		{DC2CE6AE-9737-49F5-AADD-F3A3BD384A72}.Stage|x86.ActiveCfg = Stage|Any CPU
		{779AAEFE-49B7-4721-9C9B-904AA279C5E8}.Debug|Any CPU.ActiveCfg = Debug|Any CPU
		{779AAEFE-49B7-4721-9C9B-904AA279C5E8}.Debug|Any CPU.Build.0 = Debug|Any CPU
		{779AAEFE-49B7-4721-9C9B-904AA279C5E8}.Debug|ARM.ActiveCfg = Debug|Any CPU
		{779AAEFE-49B7-4721-9C9B-904AA279C5E8}.Debug|x64.ActiveCfg = Debug|Any CPU
		{779AAEFE-49B7-4721-9C9B-904AA279C5E8}.Debug|x86.ActiveCfg = Debug|Any CPU
		{779AAEFE-49B7-4721-9C9B-904AA279C5E8}.QA|Any CPU.ActiveCfg = QA|Any CPU
		{779AAEFE-49B7-4721-9C9B-904AA279C5E8}.QA|Any CPU.Build.0 = QA|Any CPU
		{779AAEFE-49B7-4721-9C9B-904AA279C5E8}.QA|ARM.ActiveCfg = QA|Any CPU
		{779AAEFE-49B7-4721-9C9B-904AA279C5E8}.QA|x64.ActiveCfg = QA|Any CPU
		{779AAEFE-49B7-4721-9C9B-904AA279C5E8}.QA|x86.ActiveCfg = QA|Any CPU
		{779AAEFE-49B7-4721-9C9B-904AA279C5E8}.Release|Any CPU.ActiveCfg = Release|Any CPU
		{779AAEFE-49B7-4721-9C9B-904AA279C5E8}.Release|Any CPU.Build.0 = Release|Any CPU
		{779AAEFE-49B7-4721-9C9B-904AA279C5E8}.Release|ARM.ActiveCfg = Release|Any CPU
		{779AAEFE-49B7-4721-9C9B-904AA279C5E8}.Release|x64.ActiveCfg = Release|Any CPU
		{779AAEFE-49B7-4721-9C9B-904AA279C5E8}.Release|x86.ActiveCfg = Release|Any CPU
		{779AAEFE-49B7-4721-9C9B-904AA279C5E8}.Stage|Any CPU.ActiveCfg = Stage|Any CPU
		{779AAEFE-49B7-4721-9C9B-904AA279C5E8}.Stage|Any CPU.Build.0 = Stage|Any CPU
		{779AAEFE-49B7-4721-9C9B-904AA279C5E8}.Stage|ARM.ActiveCfg = Stage|Any CPU
		{779AAEFE-49B7-4721-9C9B-904AA279C5E8}.Stage|x64.ActiveCfg = Stage|Any CPU
		{779AAEFE-49B7-4721-9C9B-904AA279C5E8}.Stage|x86.ActiveCfg = Stage|Any CPU
		{49E4F162-6387-4E54-AC34-E05727FA0605}.Debug|Any CPU.ActiveCfg = Debug|Any CPU
		{49E4F162-6387-4E54-AC34-E05727FA0605}.Debug|Any CPU.Build.0 = Debug|Any CPU
		{49E4F162-6387-4E54-AC34-E05727FA0605}.Debug|ARM.ActiveCfg = Debug|Any CPU
		{49E4F162-6387-4E54-AC34-E05727FA0605}.Debug|x64.ActiveCfg = Debug|Any CPU
		{49E4F162-6387-4E54-AC34-E05727FA0605}.Debug|x86.ActiveCfg = Debug|Any CPU
		{49E4F162-6387-4E54-AC34-E05727FA0605}.QA|Any CPU.ActiveCfg = Release|Any CPU
		{49E4F162-6387-4E54-AC34-E05727FA0605}.QA|Any CPU.Build.0 = Release|Any CPU
		{49E4F162-6387-4E54-AC34-E05727FA0605}.QA|ARM.ActiveCfg = Release|Any CPU
		{49E4F162-6387-4E54-AC34-E05727FA0605}.QA|x64.ActiveCfg = Release|Any CPU
		{49E4F162-6387-4E54-AC34-E05727FA0605}.QA|x86.ActiveCfg = Release|Any CPU
		{49E4F162-6387-4E54-AC34-E05727FA0605}.Release|Any CPU.ActiveCfg = Release|Any CPU
		{49E4F162-6387-4E54-AC34-E05727FA0605}.Release|Any CPU.Build.0 = Release|Any CPU
		{49E4F162-6387-4E54-AC34-E05727FA0605}.Release|ARM.ActiveCfg = Release|Any CPU
		{49E4F162-6387-4E54-AC34-E05727FA0605}.Release|x64.ActiveCfg = Release|Any CPU
		{49E4F162-6387-4E54-AC34-E05727FA0605}.Release|x86.ActiveCfg = Release|Any CPU
		{49E4F162-6387-4E54-AC34-E05727FA0605}.Stage|Any CPU.ActiveCfg = Stage|Any CPU
		{49E4F162-6387-4E54-AC34-E05727FA0605}.Stage|Any CPU.Build.0 = Stage|Any CPU
		{49E4F162-6387-4E54-AC34-E05727FA0605}.Stage|ARM.ActiveCfg = Release|Any CPU
		{49E4F162-6387-4E54-AC34-E05727FA0605}.Stage|x64.ActiveCfg = Release|Any CPU
		{49E4F162-6387-4E54-AC34-E05727FA0605}.Stage|x86.ActiveCfg = Release|Any CPU
		{B7DE672F-3130-4E77-A1B9-43E3716D4629}.Debug|Any CPU.ActiveCfg = Debug|Any CPU
		{B7DE672F-3130-4E77-A1B9-43E3716D4629}.Debug|Any CPU.Build.0 = Debug|Any CPU
		{B7DE672F-3130-4E77-A1B9-43E3716D4629}.Debug|ARM.ActiveCfg = Debug|Any CPU
		{B7DE672F-3130-4E77-A1B9-43E3716D4629}.Debug|x64.ActiveCfg = Debug|Any CPU
		{B7DE672F-3130-4E77-A1B9-43E3716D4629}.Debug|x86.ActiveCfg = Debug|Any CPU
		{B7DE672F-3130-4E77-A1B9-43E3716D4629}.QA|Any CPU.ActiveCfg = Release|Any CPU
		{B7DE672F-3130-4E77-A1B9-43E3716D4629}.QA|Any CPU.Build.0 = Release|Any CPU
		{B7DE672F-3130-4E77-A1B9-43E3716D4629}.QA|ARM.ActiveCfg = Release|Any CPU
		{B7DE672F-3130-4E77-A1B9-43E3716D4629}.QA|x64.ActiveCfg = Release|Any CPU
		{B7DE672F-3130-4E77-A1B9-43E3716D4629}.QA|x86.ActiveCfg = Release|Any CPU
		{B7DE672F-3130-4E77-A1B9-43E3716D4629}.Release|Any CPU.ActiveCfg = Release|Any CPU
		{B7DE672F-3130-4E77-A1B9-43E3716D4629}.Release|Any CPU.Build.0 = Release|Any CPU
		{B7DE672F-3130-4E77-A1B9-43E3716D4629}.Release|ARM.ActiveCfg = Release|Any CPU
		{B7DE672F-3130-4E77-A1B9-43E3716D4629}.Release|x64.ActiveCfg = Release|Any CPU
		{B7DE672F-3130-4E77-A1B9-43E3716D4629}.Release|x86.ActiveCfg = Release|Any CPU
		{B7DE672F-3130-4E77-A1B9-43E3716D4629}.Stage|Any CPU.ActiveCfg = Stage|Any CPU
		{B7DE672F-3130-4E77-A1B9-43E3716D4629}.Stage|Any CPU.Build.0 = Stage|Any CPU
		{B7DE672F-3130-4E77-A1B9-43E3716D4629}.Stage|ARM.ActiveCfg = Release|Any CPU
		{B7DE672F-3130-4E77-A1B9-43E3716D4629}.Stage|x64.ActiveCfg = Release|Any CPU
		{B7DE672F-3130-4E77-A1B9-43E3716D4629}.Stage|x86.ActiveCfg = Release|Any CPU
		{49AC9FC7-EEE3-4EAB-842E-00AF63F30B62}.Debug|Any CPU.ActiveCfg = Debug|Any CPU
		{49AC9FC7-EEE3-4EAB-842E-00AF63F30B62}.Debug|Any CPU.Build.0 = Debug|Any CPU
		{49AC9FC7-EEE3-4EAB-842E-00AF63F30B62}.Debug|ARM.ActiveCfg = Debug|Any CPU
		{49AC9FC7-EEE3-4EAB-842E-00AF63F30B62}.Debug|x64.ActiveCfg = Debug|Any CPU
		{49AC9FC7-EEE3-4EAB-842E-00AF63F30B62}.Debug|x86.ActiveCfg = Debug|Any CPU
		{49AC9FC7-EEE3-4EAB-842E-00AF63F30B62}.QA|Any CPU.ActiveCfg = Release|Any CPU
		{49AC9FC7-EEE3-4EAB-842E-00AF63F30B62}.QA|Any CPU.Build.0 = Release|Any CPU
		{49AC9FC7-EEE3-4EAB-842E-00AF63F30B62}.QA|ARM.ActiveCfg = Release|Any CPU
		{49AC9FC7-EEE3-4EAB-842E-00AF63F30B62}.QA|x64.ActiveCfg = Release|Any CPU
		{49AC9FC7-EEE3-4EAB-842E-00AF63F30B62}.QA|x86.ActiveCfg = Release|Any CPU
		{49AC9FC7-EEE3-4EAB-842E-00AF63F30B62}.Release|Any CPU.ActiveCfg = Release|Any CPU
		{49AC9FC7-EEE3-4EAB-842E-00AF63F30B62}.Release|Any CPU.Build.0 = Release|Any CPU
		{49AC9FC7-EEE3-4EAB-842E-00AF63F30B62}.Release|ARM.ActiveCfg = Release|Any CPU
		{49AC9FC7-EEE3-4EAB-842E-00AF63F30B62}.Release|x64.ActiveCfg = Release|Any CPU
		{49AC9FC7-EEE3-4EAB-842E-00AF63F30B62}.Release|x86.ActiveCfg = Release|Any CPU
		{49AC9FC7-EEE3-4EAB-842E-00AF63F30B62}.Stage|Any CPU.ActiveCfg = Stage|Any CPU
		{49AC9FC7-EEE3-4EAB-842E-00AF63F30B62}.Stage|Any CPU.Build.0 = Stage|Any CPU
		{49AC9FC7-EEE3-4EAB-842E-00AF63F30B62}.Stage|ARM.ActiveCfg = Release|Any CPU
		{49AC9FC7-EEE3-4EAB-842E-00AF63F30B62}.Stage|x64.ActiveCfg = Release|Any CPU
		{49AC9FC7-EEE3-4EAB-842E-00AF63F30B62}.Stage|x86.ActiveCfg = Release|Any CPU
		{3CD87149-19D1-40F1-B74B-213A494D540E}.Debug|Any CPU.ActiveCfg = Debug|Any CPU
		{3CD87149-19D1-40F1-B74B-213A494D540E}.Debug|Any CPU.Build.0 = Debug|Any CPU
		{3CD87149-19D1-40F1-B74B-213A494D540E}.Debug|ARM.ActiveCfg = Debug|Any CPU
		{3CD87149-19D1-40F1-B74B-213A494D540E}.Debug|x64.ActiveCfg = Debug|Any CPU
		{3CD87149-19D1-40F1-B74B-213A494D540E}.Debug|x86.ActiveCfg = Debug|Any CPU
		{3CD87149-19D1-40F1-B74B-213A494D540E}.QA|Any CPU.ActiveCfg = Release|Any CPU
		{3CD87149-19D1-40F1-B74B-213A494D540E}.QA|Any CPU.Build.0 = Release|Any CPU
		{3CD87149-19D1-40F1-B74B-213A494D540E}.QA|ARM.ActiveCfg = Release|Any CPU
		{3CD87149-19D1-40F1-B74B-213A494D540E}.QA|x64.ActiveCfg = Release|Any CPU
		{3CD87149-19D1-40F1-B74B-213A494D540E}.QA|x86.ActiveCfg = Release|Any CPU
		{3CD87149-19D1-40F1-B74B-213A494D540E}.Release|Any CPU.ActiveCfg = Release|Any CPU
		{3CD87149-19D1-40F1-B74B-213A494D540E}.Release|Any CPU.Build.0 = Release|Any CPU
		{3CD87149-19D1-40F1-B74B-213A494D540E}.Release|ARM.ActiveCfg = Release|Any CPU
		{3CD87149-19D1-40F1-B74B-213A494D540E}.Release|x64.ActiveCfg = Release|Any CPU
		{3CD87149-19D1-40F1-B74B-213A494D540E}.Release|x86.ActiveCfg = Release|Any CPU
		{3CD87149-19D1-40F1-B74B-213A494D540E}.Stage|Any CPU.ActiveCfg = Stage|Any CPU
		{3CD87149-19D1-40F1-B74B-213A494D540E}.Stage|Any CPU.Build.0 = Stage|Any CPU
		{3CD87149-19D1-40F1-B74B-213A494D540E}.Stage|ARM.ActiveCfg = Release|Any CPU
		{3CD87149-19D1-40F1-B74B-213A494D540E}.Stage|x64.ActiveCfg = Release|Any CPU
		{3CD87149-19D1-40F1-B74B-213A494D540E}.Stage|x86.ActiveCfg = Release|Any CPU
		{77147A44-8BA3-4C01-8489-E2BC52F69C25}.Debug|Any CPU.ActiveCfg = Debug|Any CPU
		{77147A44-8BA3-4C01-8489-E2BC52F69C25}.Debug|Any CPU.Build.0 = Debug|Any CPU
		{77147A44-8BA3-4C01-8489-E2BC52F69C25}.Debug|ARM.ActiveCfg = Debug|Any CPU
		{77147A44-8BA3-4C01-8489-E2BC52F69C25}.Debug|x64.ActiveCfg = Debug|Any CPU
		{77147A44-8BA3-4C01-8489-E2BC52F69C25}.Debug|x86.ActiveCfg = Debug|Any CPU
		{77147A44-8BA3-4C01-8489-E2BC52F69C25}.QA|Any CPU.ActiveCfg = Release|Any CPU
		{77147A44-8BA3-4C01-8489-E2BC52F69C25}.QA|Any CPU.Build.0 = Release|Any CPU
		{77147A44-8BA3-4C01-8489-E2BC52F69C25}.QA|ARM.ActiveCfg = Release|Any CPU
		{77147A44-8BA3-4C01-8489-E2BC52F69C25}.QA|x64.ActiveCfg = Release|Any CPU
		{77147A44-8BA3-4C01-8489-E2BC52F69C25}.QA|x86.ActiveCfg = Release|Any CPU
		{77147A44-8BA3-4C01-8489-E2BC52F69C25}.Release|Any CPU.ActiveCfg = Release|Any CPU
		{77147A44-8BA3-4C01-8489-E2BC52F69C25}.Release|Any CPU.Build.0 = Release|Any CPU
		{77147A44-8BA3-4C01-8489-E2BC52F69C25}.Release|ARM.ActiveCfg = Release|Any CPU
		{77147A44-8BA3-4C01-8489-E2BC52F69C25}.Release|x64.ActiveCfg = Release|Any CPU
		{77147A44-8BA3-4C01-8489-E2BC52F69C25}.Release|x86.ActiveCfg = Release|Any CPU
		{77147A44-8BA3-4C01-8489-E2BC52F69C25}.Stage|Any CPU.ActiveCfg = Stage|Any CPU
		{77147A44-8BA3-4C01-8489-E2BC52F69C25}.Stage|Any CPU.Build.0 = Stage|Any CPU
		{77147A44-8BA3-4C01-8489-E2BC52F69C25}.Stage|ARM.ActiveCfg = Release|Any CPU
		{77147A44-8BA3-4C01-8489-E2BC52F69C25}.Stage|x64.ActiveCfg = Release|Any CPU
		{77147A44-8BA3-4C01-8489-E2BC52F69C25}.Stage|x86.ActiveCfg = Release|Any CPU
		{BCA56BB0-A060-4758-9B33-436292EC4651}.Debug|Any CPU.ActiveCfg = Debug|Any CPU
		{BCA56BB0-A060-4758-9B33-436292EC4651}.Debug|Any CPU.Build.0 = Debug|Any CPU
		{BCA56BB0-A060-4758-9B33-436292EC4651}.Debug|ARM.ActiveCfg = Debug|Any CPU
		{BCA56BB0-A060-4758-9B33-436292EC4651}.Debug|ARM.Build.0 = Debug|Any CPU
		{BCA56BB0-A060-4758-9B33-436292EC4651}.Debug|x64.ActiveCfg = Debug|Any CPU
		{BCA56BB0-A060-4758-9B33-436292EC4651}.Debug|x64.Build.0 = Debug|Any CPU
		{BCA56BB0-A060-4758-9B33-436292EC4651}.Debug|x86.ActiveCfg = Debug|Any CPU
		{BCA56BB0-A060-4758-9B33-436292EC4651}.Debug|x86.Build.0 = Debug|Any CPU
		{BCA56BB0-A060-4758-9B33-436292EC4651}.QA|Any CPU.ActiveCfg = Release|Any CPU
		{BCA56BB0-A060-4758-9B33-436292EC4651}.QA|Any CPU.Build.0 = Release|Any CPU
		{BCA56BB0-A060-4758-9B33-436292EC4651}.QA|ARM.ActiveCfg = Release|Any CPU
		{BCA56BB0-A060-4758-9B33-436292EC4651}.QA|ARM.Build.0 = Release|Any CPU
		{BCA56BB0-A060-4758-9B33-436292EC4651}.QA|x64.ActiveCfg = Release|Any CPU
		{BCA56BB0-A060-4758-9B33-436292EC4651}.QA|x64.Build.0 = Release|Any CPU
		{BCA56BB0-A060-4758-9B33-436292EC4651}.QA|x86.ActiveCfg = Release|Any CPU
		{BCA56BB0-A060-4758-9B33-436292EC4651}.QA|x86.Build.0 = Release|Any CPU
		{BCA56BB0-A060-4758-9B33-436292EC4651}.Release|Any CPU.ActiveCfg = Release|Any CPU
		{BCA56BB0-A060-4758-9B33-436292EC4651}.Release|Any CPU.Build.0 = Release|Any CPU
		{BCA56BB0-A060-4758-9B33-436292EC4651}.Release|ARM.ActiveCfg = Release|Any CPU
		{BCA56BB0-A060-4758-9B33-436292EC4651}.Release|ARM.Build.0 = Release|Any CPU
		{BCA56BB0-A060-4758-9B33-436292EC4651}.Release|x64.ActiveCfg = Release|Any CPU
		{BCA56BB0-A060-4758-9B33-436292EC4651}.Release|x64.Build.0 = Release|Any CPU
		{BCA56BB0-A060-4758-9B33-436292EC4651}.Release|x86.ActiveCfg = Release|Any CPU
		{BCA56BB0-A060-4758-9B33-436292EC4651}.Release|x86.Build.0 = Release|Any CPU
		{BCA56BB0-A060-4758-9B33-436292EC4651}.Stage|Any CPU.ActiveCfg = Stage|Any CPU
		{BCA56BB0-A060-4758-9B33-436292EC4651}.Stage|Any CPU.Build.0 = Stage|Any CPU
		{BCA56BB0-A060-4758-9B33-436292EC4651}.Stage|ARM.ActiveCfg = Release|Any CPU
		{BCA56BB0-A060-4758-9B33-436292EC4651}.Stage|ARM.Build.0 = Release|Any CPU
		{BCA56BB0-A060-4758-9B33-436292EC4651}.Stage|x64.ActiveCfg = Release|Any CPU
		{BCA56BB0-A060-4758-9B33-436292EC4651}.Stage|x64.Build.0 = Release|Any CPU
		{BCA56BB0-A060-4758-9B33-436292EC4651}.Stage|x86.ActiveCfg = Release|Any CPU
		{BCA56BB0-A060-4758-9B33-436292EC4651}.Stage|x86.Build.0 = Release|Any CPU
		{E17CEAFD-A9E3-4815-9225-B997825EDC21}.Debug|Any CPU.ActiveCfg = Debug|Any CPU
		{E17CEAFD-A9E3-4815-9225-B997825EDC21}.Debug|Any CPU.Build.0 = Debug|Any CPU
		{E17CEAFD-A9E3-4815-9225-B997825EDC21}.Debug|ARM.ActiveCfg = Debug|Any CPU
		{E17CEAFD-A9E3-4815-9225-B997825EDC21}.Debug|x64.ActiveCfg = Debug|Any CPU
		{E17CEAFD-A9E3-4815-9225-B997825EDC21}.Debug|x86.ActiveCfg = Debug|Any CPU
		{E17CEAFD-A9E3-4815-9225-B997825EDC21}.QA|Any CPU.ActiveCfg = Release|Any CPU
		{E17CEAFD-A9E3-4815-9225-B997825EDC21}.QA|Any CPU.Build.0 = Release|Any CPU
		{E17CEAFD-A9E3-4815-9225-B997825EDC21}.QA|ARM.ActiveCfg = Release|Any CPU
		{E17CEAFD-A9E3-4815-9225-B997825EDC21}.QA|x64.ActiveCfg = Release|Any CPU
		{E17CEAFD-A9E3-4815-9225-B997825EDC21}.QA|x86.ActiveCfg = Release|Any CPU
		{E17CEAFD-A9E3-4815-9225-B997825EDC21}.Release|Any CPU.ActiveCfg = Release|Any CPU
		{E17CEAFD-A9E3-4815-9225-B997825EDC21}.Release|Any CPU.Build.0 = Release|Any CPU
		{E17CEAFD-A9E3-4815-9225-B997825EDC21}.Release|ARM.ActiveCfg = Release|Any CPU
		{E17CEAFD-A9E3-4815-9225-B997825EDC21}.Release|x64.ActiveCfg = Release|Any CPU
		{E17CEAFD-A9E3-4815-9225-B997825EDC21}.Release|x86.ActiveCfg = Release|Any CPU
		{E17CEAFD-A9E3-4815-9225-B997825EDC21}.Stage|Any CPU.ActiveCfg = Stage|Any CPU
		{E17CEAFD-A9E3-4815-9225-B997825EDC21}.Stage|Any CPU.Build.0 = Stage|Any CPU
		{E17CEAFD-A9E3-4815-9225-B997825EDC21}.Stage|ARM.ActiveCfg = Release|Any CPU
		{E17CEAFD-A9E3-4815-9225-B997825EDC21}.Stage|x64.ActiveCfg = Release|Any CPU
		{E17CEAFD-A9E3-4815-9225-B997825EDC21}.Stage|x86.ActiveCfg = Release|Any CPU
		{D5268722-CDDA-4099-B05E-70CDF5CA11F3}.Debug|Any CPU.ActiveCfg = Debug|Any CPU
		{D5268722-CDDA-4099-B05E-70CDF5CA11F3}.Debug|Any CPU.Build.0 = Debug|Any CPU
		{D5268722-CDDA-4099-B05E-70CDF5CA11F3}.Debug|ARM.ActiveCfg = Debug|Any CPU
		{D5268722-CDDA-4099-B05E-70CDF5CA11F3}.Debug|ARM.Build.0 = Debug|Any CPU
		{D5268722-CDDA-4099-B05E-70CDF5CA11F3}.Debug|x64.ActiveCfg = Debug|Any CPU
		{D5268722-CDDA-4099-B05E-70CDF5CA11F3}.Debug|x64.Build.0 = Debug|Any CPU
		{D5268722-CDDA-4099-B05E-70CDF5CA11F3}.Debug|x86.ActiveCfg = Debug|Any CPU
		{D5268722-CDDA-4099-B05E-70CDF5CA11F3}.Debug|x86.Build.0 = Debug|Any CPU
		{D5268722-CDDA-4099-B05E-70CDF5CA11F3}.QA|Any CPU.ActiveCfg = Release|Any CPU
		{D5268722-CDDA-4099-B05E-70CDF5CA11F3}.QA|Any CPU.Build.0 = Release|Any CPU
		{D5268722-CDDA-4099-B05E-70CDF5CA11F3}.QA|ARM.ActiveCfg = Release|Any CPU
		{D5268722-CDDA-4099-B05E-70CDF5CA11F3}.QA|ARM.Build.0 = Release|Any CPU
		{D5268722-CDDA-4099-B05E-70CDF5CA11F3}.QA|x64.ActiveCfg = Release|Any CPU
		{D5268722-CDDA-4099-B05E-70CDF5CA11F3}.QA|x64.Build.0 = Release|Any CPU
		{D5268722-CDDA-4099-B05E-70CDF5CA11F3}.QA|x86.ActiveCfg = Release|Any CPU
		{D5268722-CDDA-4099-B05E-70CDF5CA11F3}.QA|x86.Build.0 = Release|Any CPU
		{D5268722-CDDA-4099-B05E-70CDF5CA11F3}.Release|Any CPU.ActiveCfg = Release|Any CPU
		{D5268722-CDDA-4099-B05E-70CDF5CA11F3}.Release|Any CPU.Build.0 = Release|Any CPU
		{D5268722-CDDA-4099-B05E-70CDF5CA11F3}.Release|ARM.ActiveCfg = Release|Any CPU
		{D5268722-CDDA-4099-B05E-70CDF5CA11F3}.Release|ARM.Build.0 = Release|Any CPU
		{D5268722-CDDA-4099-B05E-70CDF5CA11F3}.Release|x64.ActiveCfg = Release|Any CPU
		{D5268722-CDDA-4099-B05E-70CDF5CA11F3}.Release|x64.Build.0 = Release|Any CPU
		{D5268722-CDDA-4099-B05E-70CDF5CA11F3}.Release|x86.ActiveCfg = Release|Any CPU
		{D5268722-CDDA-4099-B05E-70CDF5CA11F3}.Release|x86.Build.0 = Release|Any CPU
		{D5268722-CDDA-4099-B05E-70CDF5CA11F3}.Stage|Any CPU.ActiveCfg = Stage|Any CPU
		{D5268722-CDDA-4099-B05E-70CDF5CA11F3}.Stage|Any CPU.Build.0 = Stage|Any CPU
		{D5268722-CDDA-4099-B05E-70CDF5CA11F3}.Stage|ARM.ActiveCfg = Release|Any CPU
		{D5268722-CDDA-4099-B05E-70CDF5CA11F3}.Stage|ARM.Build.0 = Release|Any CPU
		{D5268722-CDDA-4099-B05E-70CDF5CA11F3}.Stage|x64.ActiveCfg = Release|Any CPU
		{D5268722-CDDA-4099-B05E-70CDF5CA11F3}.Stage|x64.Build.0 = Release|Any CPU
		{D5268722-CDDA-4099-B05E-70CDF5CA11F3}.Stage|x86.ActiveCfg = Release|Any CPU
		{D5268722-CDDA-4099-B05E-70CDF5CA11F3}.Stage|x86.Build.0 = Release|Any CPU
		{2FB7011D-BBC9-4DC5-8F60-028F2BF3B5DA}.Debug|Any CPU.ActiveCfg = Debug|Any CPU
		{2FB7011D-BBC9-4DC5-8F60-028F2BF3B5DA}.Debug|Any CPU.Build.0 = Debug|Any CPU
		{2FB7011D-BBC9-4DC5-8F60-028F2BF3B5DA}.Debug|ARM.ActiveCfg = Debug|Any CPU
		{2FB7011D-BBC9-4DC5-8F60-028F2BF3B5DA}.Debug|ARM.Build.0 = Debug|Any CPU
		{2FB7011D-BBC9-4DC5-8F60-028F2BF3B5DA}.Debug|x64.ActiveCfg = Debug|Any CPU
		{2FB7011D-BBC9-4DC5-8F60-028F2BF3B5DA}.Debug|x64.Build.0 = Debug|Any CPU
		{2FB7011D-BBC9-4DC5-8F60-028F2BF3B5DA}.Debug|x86.ActiveCfg = Debug|Any CPU
		{2FB7011D-BBC9-4DC5-8F60-028F2BF3B5DA}.Debug|x86.Build.0 = Debug|Any CPU
		{2FB7011D-BBC9-4DC5-8F60-028F2BF3B5DA}.QA|Any CPU.ActiveCfg = QA|Any CPU
		{2FB7011D-BBC9-4DC5-8F60-028F2BF3B5DA}.QA|Any CPU.Build.0 = QA|Any CPU
		{2FB7011D-BBC9-4DC5-8F60-028F2BF3B5DA}.QA|ARM.ActiveCfg = Release|Any CPU
		{2FB7011D-BBC9-4DC5-8F60-028F2BF3B5DA}.QA|ARM.Build.0 = Release|Any CPU
		{2FB7011D-BBC9-4DC5-8F60-028F2BF3B5DA}.QA|x64.ActiveCfg = Release|Any CPU
		{2FB7011D-BBC9-4DC5-8F60-028F2BF3B5DA}.QA|x64.Build.0 = Release|Any CPU
		{2FB7011D-BBC9-4DC5-8F60-028F2BF3B5DA}.QA|x86.ActiveCfg = Release|Any CPU
		{2FB7011D-BBC9-4DC5-8F60-028F2BF3B5DA}.QA|x86.Build.0 = Release|Any CPU
		{2FB7011D-BBC9-4DC5-8F60-028F2BF3B5DA}.Release|Any CPU.ActiveCfg = Release|Any CPU
		{2FB7011D-BBC9-4DC5-8F60-028F2BF3B5DA}.Release|Any CPU.Build.0 = Release|Any CPU
		{2FB7011D-BBC9-4DC5-8F60-028F2BF3B5DA}.Release|ARM.ActiveCfg = Release|Any CPU
		{2FB7011D-BBC9-4DC5-8F60-028F2BF3B5DA}.Release|ARM.Build.0 = Release|Any CPU
		{2FB7011D-BBC9-4DC5-8F60-028F2BF3B5DA}.Release|x64.ActiveCfg = Release|Any CPU
		{2FB7011D-BBC9-4DC5-8F60-028F2BF3B5DA}.Release|x64.Build.0 = Release|Any CPU
		{2FB7011D-BBC9-4DC5-8F60-028F2BF3B5DA}.Release|x86.ActiveCfg = Release|Any CPU
		{2FB7011D-BBC9-4DC5-8F60-028F2BF3B5DA}.Release|x86.Build.0 = Release|Any CPU
		{2FB7011D-BBC9-4DC5-8F60-028F2BF3B5DA}.Stage|Any CPU.ActiveCfg = Stage|Any CPU
		{2FB7011D-BBC9-4DC5-8F60-028F2BF3B5DA}.Stage|Any CPU.Build.0 = Stage|Any CPU
		{2FB7011D-BBC9-4DC5-8F60-028F2BF3B5DA}.Stage|ARM.ActiveCfg = Release|Any CPU
		{2FB7011D-BBC9-4DC5-8F60-028F2BF3B5DA}.Stage|ARM.Build.0 = Release|Any CPU
		{2FB7011D-BBC9-4DC5-8F60-028F2BF3B5DA}.Stage|x64.ActiveCfg = Release|Any CPU
		{2FB7011D-BBC9-4DC5-8F60-028F2BF3B5DA}.Stage|x64.Build.0 = Release|Any CPU
		{2FB7011D-BBC9-4DC5-8F60-028F2BF3B5DA}.Stage|x86.ActiveCfg = Release|Any CPU
		{2FB7011D-BBC9-4DC5-8F60-028F2BF3B5DA}.Stage|x86.Build.0 = Release|Any CPU
		{11556B34-E1FE-45DC-B2DC-DCCA86AA5D3D}.Debug|Any CPU.ActiveCfg = Debug|Any CPU
		{11556B34-E1FE-45DC-B2DC-DCCA86AA5D3D}.Debug|Any CPU.Build.0 = Debug|Any CPU
		{11556B34-E1FE-45DC-B2DC-DCCA86AA5D3D}.Debug|ARM.ActiveCfg = Debug|Any CPU
		{11556B34-E1FE-45DC-B2DC-DCCA86AA5D3D}.Debug|ARM.Build.0 = Debug|Any CPU
		{11556B34-E1FE-45DC-B2DC-DCCA86AA5D3D}.Debug|x64.ActiveCfg = Debug|Any CPU
		{11556B34-E1FE-45DC-B2DC-DCCA86AA5D3D}.Debug|x64.Build.0 = Debug|Any CPU
		{11556B34-E1FE-45DC-B2DC-DCCA86AA5D3D}.Debug|x86.ActiveCfg = Debug|Any CPU
		{11556B34-E1FE-45DC-B2DC-DCCA86AA5D3D}.Debug|x86.Build.0 = Debug|Any CPU
		{11556B34-E1FE-45DC-B2DC-DCCA86AA5D3D}.QA|Any CPU.ActiveCfg = Release|Any CPU
		{11556B34-E1FE-45DC-B2DC-DCCA86AA5D3D}.QA|Any CPU.Build.0 = Release|Any CPU
		{11556B34-E1FE-45DC-B2DC-DCCA86AA5D3D}.QA|ARM.ActiveCfg = Release|Any CPU
		{11556B34-E1FE-45DC-B2DC-DCCA86AA5D3D}.QA|ARM.Build.0 = Release|Any CPU
		{11556B34-E1FE-45DC-B2DC-DCCA86AA5D3D}.QA|x64.ActiveCfg = Release|Any CPU
		{11556B34-E1FE-45DC-B2DC-DCCA86AA5D3D}.QA|x64.Build.0 = Release|Any CPU
		{11556B34-E1FE-45DC-B2DC-DCCA86AA5D3D}.QA|x86.ActiveCfg = Release|Any CPU
		{11556B34-E1FE-45DC-B2DC-DCCA86AA5D3D}.QA|x86.Build.0 = Release|Any CPU
		{11556B34-E1FE-45DC-B2DC-DCCA86AA5D3D}.Release|Any CPU.ActiveCfg = Release|Any CPU
		{11556B34-E1FE-45DC-B2DC-DCCA86AA5D3D}.Release|Any CPU.Build.0 = Release|Any CPU
		{11556B34-E1FE-45DC-B2DC-DCCA86AA5D3D}.Release|ARM.ActiveCfg = Release|Any CPU
		{11556B34-E1FE-45DC-B2DC-DCCA86AA5D3D}.Release|ARM.Build.0 = Release|Any CPU
		{11556B34-E1FE-45DC-B2DC-DCCA86AA5D3D}.Release|x64.ActiveCfg = Release|Any CPU
		{11556B34-E1FE-45DC-B2DC-DCCA86AA5D3D}.Release|x64.Build.0 = Release|Any CPU
		{11556B34-E1FE-45DC-B2DC-DCCA86AA5D3D}.Release|x86.ActiveCfg = Release|Any CPU
		{11556B34-E1FE-45DC-B2DC-DCCA86AA5D3D}.Release|x86.Build.0 = Release|Any CPU
		{11556B34-E1FE-45DC-B2DC-DCCA86AA5D3D}.Stage|Any CPU.ActiveCfg = Stage|Any CPU
		{11556B34-E1FE-45DC-B2DC-DCCA86AA5D3D}.Stage|Any CPU.Build.0 = Stage|Any CPU
		{11556B34-E1FE-45DC-B2DC-DCCA86AA5D3D}.Stage|ARM.ActiveCfg = Release|Any CPU
		{11556B34-E1FE-45DC-B2DC-DCCA86AA5D3D}.Stage|ARM.Build.0 = Release|Any CPU
		{11556B34-E1FE-45DC-B2DC-DCCA86AA5D3D}.Stage|x64.ActiveCfg = Release|Any CPU
		{11556B34-E1FE-45DC-B2DC-DCCA86AA5D3D}.Stage|x64.Build.0 = Release|Any CPU
		{11556B34-E1FE-45DC-B2DC-DCCA86AA5D3D}.Stage|x86.ActiveCfg = Release|Any CPU
		{11556B34-E1FE-45DC-B2DC-DCCA86AA5D3D}.Stage|x86.Build.0 = Release|Any CPU
		{EFD796FD-85F8-4F76-83FF-B136381CDB46}.Debug|Any CPU.ActiveCfg = Debug|Any CPU
		{EFD796FD-85F8-4F76-83FF-B136381CDB46}.Debug|Any CPU.Build.0 = Debug|Any CPU
		{EFD796FD-85F8-4F76-83FF-B136381CDB46}.Debug|ARM.ActiveCfg = Debug|Any CPU
		{EFD796FD-85F8-4F76-83FF-B136381CDB46}.Debug|ARM.Build.0 = Debug|Any CPU
		{EFD796FD-85F8-4F76-83FF-B136381CDB46}.Debug|x64.ActiveCfg = Debug|Any CPU
		{EFD796FD-85F8-4F76-83FF-B136381CDB46}.Debug|x64.Build.0 = Debug|Any CPU
		{EFD796FD-85F8-4F76-83FF-B136381CDB46}.Debug|x86.ActiveCfg = Debug|Any CPU
		{EFD796FD-85F8-4F76-83FF-B136381CDB46}.Debug|x86.Build.0 = Debug|Any CPU
		{EFD796FD-85F8-4F76-83FF-B136381CDB46}.QA|Any CPU.ActiveCfg = Release|Any CPU
		{EFD796FD-85F8-4F76-83FF-B136381CDB46}.QA|Any CPU.Build.0 = Release|Any CPU
		{EFD796FD-85F8-4F76-83FF-B136381CDB46}.QA|ARM.ActiveCfg = Release|Any CPU
		{EFD796FD-85F8-4F76-83FF-B136381CDB46}.QA|ARM.Build.0 = Release|Any CPU
		{EFD796FD-85F8-4F76-83FF-B136381CDB46}.QA|x64.ActiveCfg = Release|Any CPU
		{EFD796FD-85F8-4F76-83FF-B136381CDB46}.QA|x64.Build.0 = Release|Any CPU
		{EFD796FD-85F8-4F76-83FF-B136381CDB46}.QA|x86.ActiveCfg = Release|Any CPU
		{EFD796FD-85F8-4F76-83FF-B136381CDB46}.QA|x86.Build.0 = Release|Any CPU
		{EFD796FD-85F8-4F76-83FF-B136381CDB46}.Release|Any CPU.ActiveCfg = Release|Any CPU
		{EFD796FD-85F8-4F76-83FF-B136381CDB46}.Release|Any CPU.Build.0 = Release|Any CPU
		{EFD796FD-85F8-4F76-83FF-B136381CDB46}.Release|ARM.ActiveCfg = Release|Any CPU
		{EFD796FD-85F8-4F76-83FF-B136381CDB46}.Release|ARM.Build.0 = Release|Any CPU
		{EFD796FD-85F8-4F76-83FF-B136381CDB46}.Release|x64.ActiveCfg = Release|Any CPU
		{EFD796FD-85F8-4F76-83FF-B136381CDB46}.Release|x64.Build.0 = Release|Any CPU
		{EFD796FD-85F8-4F76-83FF-B136381CDB46}.Release|x86.ActiveCfg = Release|Any CPU
		{EFD796FD-85F8-4F76-83FF-B136381CDB46}.Release|x86.Build.0 = Release|Any CPU
		{EFD796FD-85F8-4F76-83FF-B136381CDB46}.Stage|Any CPU.ActiveCfg = Stage|Any CPU
		{EFD796FD-85F8-4F76-83FF-B136381CDB46}.Stage|Any CPU.Build.0 = Stage|Any CPU
		{EFD796FD-85F8-4F76-83FF-B136381CDB46}.Stage|ARM.ActiveCfg = Release|Any CPU
		{EFD796FD-85F8-4F76-83FF-B136381CDB46}.Stage|ARM.Build.0 = Release|Any CPU
		{EFD796FD-85F8-4F76-83FF-B136381CDB46}.Stage|x64.ActiveCfg = Release|Any CPU
		{EFD796FD-85F8-4F76-83FF-B136381CDB46}.Stage|x64.Build.0 = Release|Any CPU
		{EFD796FD-85F8-4F76-83FF-B136381CDB46}.Stage|x86.ActiveCfg = Release|Any CPU
		{EFD796FD-85F8-4F76-83FF-B136381CDB46}.Stage|x86.Build.0 = Release|Any CPU
		{60C15959-562C-428D-BB55-2CF1C3EA01F8}.Debug|Any CPU.ActiveCfg = Debug|Any CPU
		{60C15959-562C-428D-BB55-2CF1C3EA01F8}.Debug|Any CPU.Build.0 = Debug|Any CPU
		{60C15959-562C-428D-BB55-2CF1C3EA01F8}.Debug|ARM.ActiveCfg = Debug|Any CPU
		{60C15959-562C-428D-BB55-2CF1C3EA01F8}.Debug|ARM.Build.0 = Debug|Any CPU
		{60C15959-562C-428D-BB55-2CF1C3EA01F8}.Debug|x64.ActiveCfg = Debug|Any CPU
		{60C15959-562C-428D-BB55-2CF1C3EA01F8}.Debug|x64.Build.0 = Debug|Any CPU
		{60C15959-562C-428D-BB55-2CF1C3EA01F8}.Debug|x86.ActiveCfg = Debug|Any CPU
		{60C15959-562C-428D-BB55-2CF1C3EA01F8}.Debug|x86.Build.0 = Debug|Any CPU
		{60C15959-562C-428D-BB55-2CF1C3EA01F8}.QA|Any CPU.ActiveCfg = Release|Any CPU
		{60C15959-562C-428D-BB55-2CF1C3EA01F8}.QA|Any CPU.Build.0 = Release|Any CPU
		{60C15959-562C-428D-BB55-2CF1C3EA01F8}.QA|ARM.ActiveCfg = Release|Any CPU
		{60C15959-562C-428D-BB55-2CF1C3EA01F8}.QA|ARM.Build.0 = Release|Any CPU
		{60C15959-562C-428D-BB55-2CF1C3EA01F8}.QA|x64.ActiveCfg = Release|Any CPU
		{60C15959-562C-428D-BB55-2CF1C3EA01F8}.QA|x64.Build.0 = Release|Any CPU
		{60C15959-562C-428D-BB55-2CF1C3EA01F8}.QA|x86.ActiveCfg = Release|Any CPU
		{60C15959-562C-428D-BB55-2CF1C3EA01F8}.QA|x86.Build.0 = Release|Any CPU
		{60C15959-562C-428D-BB55-2CF1C3EA01F8}.Release|Any CPU.ActiveCfg = Release|Any CPU
		{60C15959-562C-428D-BB55-2CF1C3EA01F8}.Release|Any CPU.Build.0 = Release|Any CPU
		{60C15959-562C-428D-BB55-2CF1C3EA01F8}.Release|ARM.ActiveCfg = Release|Any CPU
		{60C15959-562C-428D-BB55-2CF1C3EA01F8}.Release|ARM.Build.0 = Release|Any CPU
		{60C15959-562C-428D-BB55-2CF1C3EA01F8}.Release|x64.ActiveCfg = Release|Any CPU
		{60C15959-562C-428D-BB55-2CF1C3EA01F8}.Release|x64.Build.0 = Release|Any CPU
		{60C15959-562C-428D-BB55-2CF1C3EA01F8}.Release|x86.ActiveCfg = Release|Any CPU
		{60C15959-562C-428D-BB55-2CF1C3EA01F8}.Release|x86.Build.0 = Release|Any CPU
		{60C15959-562C-428D-BB55-2CF1C3EA01F8}.Stage|Any CPU.ActiveCfg = Stage|Any CPU
		{60C15959-562C-428D-BB55-2CF1C3EA01F8}.Stage|Any CPU.Build.0 = Stage|Any CPU
		{60C15959-562C-428D-BB55-2CF1C3EA01F8}.Stage|ARM.ActiveCfg = Release|Any CPU
		{60C15959-562C-428D-BB55-2CF1C3EA01F8}.Stage|ARM.Build.0 = Release|Any CPU
		{60C15959-562C-428D-BB55-2CF1C3EA01F8}.Stage|x64.ActiveCfg = Release|Any CPU
		{60C15959-562C-428D-BB55-2CF1C3EA01F8}.Stage|x64.Build.0 = Release|Any CPU
		{60C15959-562C-428D-BB55-2CF1C3EA01F8}.Stage|x86.ActiveCfg = Release|Any CPU
		{60C15959-562C-428D-BB55-2CF1C3EA01F8}.Stage|x86.Build.0 = Release|Any CPU
		{4716CD08-8CE0-4660-AAF2-13B65AC0C83C}.Debug|Any CPU.ActiveCfg = Debug|Any CPU
		{4716CD08-8CE0-4660-AAF2-13B65AC0C83C}.Debug|Any CPU.Build.0 = Debug|Any CPU
		{4716CD08-8CE0-4660-AAF2-13B65AC0C83C}.Debug|ARM.ActiveCfg = Debug|Any CPU
		{4716CD08-8CE0-4660-AAF2-13B65AC0C83C}.Debug|ARM.Build.0 = Debug|Any CPU
		{4716CD08-8CE0-4660-AAF2-13B65AC0C83C}.Debug|x64.ActiveCfg = Debug|Any CPU
		{4716CD08-8CE0-4660-AAF2-13B65AC0C83C}.Debug|x64.Build.0 = Debug|Any CPU
		{4716CD08-8CE0-4660-AAF2-13B65AC0C83C}.Debug|x86.ActiveCfg = Debug|Any CPU
		{4716CD08-8CE0-4660-AAF2-13B65AC0C83C}.Debug|x86.Build.0 = Debug|Any CPU
		{4716CD08-8CE0-4660-AAF2-13B65AC0C83C}.QA|Any CPU.ActiveCfg = Release|Any CPU
		{4716CD08-8CE0-4660-AAF2-13B65AC0C83C}.QA|Any CPU.Build.0 = Release|Any CPU
		{4716CD08-8CE0-4660-AAF2-13B65AC0C83C}.QA|ARM.ActiveCfg = Release|Any CPU
		{4716CD08-8CE0-4660-AAF2-13B65AC0C83C}.QA|ARM.Build.0 = Release|Any CPU
		{4716CD08-8CE0-4660-AAF2-13B65AC0C83C}.QA|x64.ActiveCfg = Release|Any CPU
		{4716CD08-8CE0-4660-AAF2-13B65AC0C83C}.QA|x64.Build.0 = Release|Any CPU
		{4716CD08-8CE0-4660-AAF2-13B65AC0C83C}.QA|x86.ActiveCfg = Release|Any CPU
		{4716CD08-8CE0-4660-AAF2-13B65AC0C83C}.QA|x86.Build.0 = Release|Any CPU
		{4716CD08-8CE0-4660-AAF2-13B65AC0C83C}.Release|Any CPU.ActiveCfg = Release|Any CPU
		{4716CD08-8CE0-4660-AAF2-13B65AC0C83C}.Release|Any CPU.Build.0 = Release|Any CPU
		{4716CD08-8CE0-4660-AAF2-13B65AC0C83C}.Release|ARM.ActiveCfg = Release|Any CPU
		{4716CD08-8CE0-4660-AAF2-13B65AC0C83C}.Release|ARM.Build.0 = Release|Any CPU
		{4716CD08-8CE0-4660-AAF2-13B65AC0C83C}.Release|x64.ActiveCfg = Release|Any CPU
		{4716CD08-8CE0-4660-AAF2-13B65AC0C83C}.Release|x64.Build.0 = Release|Any CPU
		{4716CD08-8CE0-4660-AAF2-13B65AC0C83C}.Release|x86.ActiveCfg = Release|Any CPU
		{4716CD08-8CE0-4660-AAF2-13B65AC0C83C}.Release|x86.Build.0 = Release|Any CPU
		{4716CD08-8CE0-4660-AAF2-13B65AC0C83C}.Stage|Any CPU.ActiveCfg = Stage|Any CPU
		{4716CD08-8CE0-4660-AAF2-13B65AC0C83C}.Stage|Any CPU.Build.0 = Stage|Any CPU
		{4716CD08-8CE0-4660-AAF2-13B65AC0C83C}.Stage|ARM.ActiveCfg = Release|Any CPU
		{4716CD08-8CE0-4660-AAF2-13B65AC0C83C}.Stage|ARM.Build.0 = Release|Any CPU
		{4716CD08-8CE0-4660-AAF2-13B65AC0C83C}.Stage|x64.ActiveCfg = Release|Any CPU
		{4716CD08-8CE0-4660-AAF2-13B65AC0C83C}.Stage|x64.Build.0 = Release|Any CPU
		{4716CD08-8CE0-4660-AAF2-13B65AC0C83C}.Stage|x86.ActiveCfg = Release|Any CPU
		{4716CD08-8CE0-4660-AAF2-13B65AC0C83C}.Stage|x86.Build.0 = Release|Any CPU
		{2BE122E0-6392-42A6-98B2-D0FC71F0812B}.Debug|Any CPU.ActiveCfg = Debug|Any CPU
		{2BE122E0-6392-42A6-98B2-D0FC71F0812B}.Debug|Any CPU.Build.0 = Debug|Any CPU
		{2BE122E0-6392-42A6-98B2-D0FC71F0812B}.Debug|ARM.ActiveCfg = Debug|Any CPU
		{2BE122E0-6392-42A6-98B2-D0FC71F0812B}.Debug|ARM.Build.0 = Debug|Any CPU
		{2BE122E0-6392-42A6-98B2-D0FC71F0812B}.Debug|x64.ActiveCfg = Debug|Any CPU
		{2BE122E0-6392-42A6-98B2-D0FC71F0812B}.Debug|x64.Build.0 = Debug|Any CPU
		{2BE122E0-6392-42A6-98B2-D0FC71F0812B}.Debug|x86.ActiveCfg = Debug|Any CPU
		{2BE122E0-6392-42A6-98B2-D0FC71F0812B}.Debug|x86.Build.0 = Debug|Any CPU
		{2BE122E0-6392-42A6-98B2-D0FC71F0812B}.QA|Any CPU.ActiveCfg = Release|Any CPU
		{2BE122E0-6392-42A6-98B2-D0FC71F0812B}.QA|Any CPU.Build.0 = Release|Any CPU
		{2BE122E0-6392-42A6-98B2-D0FC71F0812B}.QA|ARM.ActiveCfg = Release|Any CPU
		{2BE122E0-6392-42A6-98B2-D0FC71F0812B}.QA|ARM.Build.0 = Release|Any CPU
		{2BE122E0-6392-42A6-98B2-D0FC71F0812B}.QA|x64.ActiveCfg = Release|Any CPU
		{2BE122E0-6392-42A6-98B2-D0FC71F0812B}.QA|x64.Build.0 = Release|Any CPU
		{2BE122E0-6392-42A6-98B2-D0FC71F0812B}.QA|x86.ActiveCfg = Release|Any CPU
		{2BE122E0-6392-42A6-98B2-D0FC71F0812B}.QA|x86.Build.0 = Release|Any CPU
		{2BE122E0-6392-42A6-98B2-D0FC71F0812B}.Release|Any CPU.ActiveCfg = Release|Any CPU
		{2BE122E0-6392-42A6-98B2-D0FC71F0812B}.Release|Any CPU.Build.0 = Release|Any CPU
		{2BE122E0-6392-42A6-98B2-D0FC71F0812B}.Release|ARM.ActiveCfg = Release|Any CPU
		{2BE122E0-6392-42A6-98B2-D0FC71F0812B}.Release|ARM.Build.0 = Release|Any CPU
		{2BE122E0-6392-42A6-98B2-D0FC71F0812B}.Release|x64.ActiveCfg = Release|Any CPU
		{2BE122E0-6392-42A6-98B2-D0FC71F0812B}.Release|x64.Build.0 = Release|Any CPU
		{2BE122E0-6392-42A6-98B2-D0FC71F0812B}.Release|x86.ActiveCfg = Release|Any CPU
		{2BE122E0-6392-42A6-98B2-D0FC71F0812B}.Release|x86.Build.0 = Release|Any CPU
		{2BE122E0-6392-42A6-98B2-D0FC71F0812B}.Stage|Any CPU.ActiveCfg = Stage|Any CPU
		{2BE122E0-6392-42A6-98B2-D0FC71F0812B}.Stage|Any CPU.Build.0 = Stage|Any CPU
		{2BE122E0-6392-42A6-98B2-D0FC71F0812B}.Stage|ARM.ActiveCfg = Release|Any CPU
		{2BE122E0-6392-42A6-98B2-D0FC71F0812B}.Stage|ARM.Build.0 = Release|Any CPU
		{2BE122E0-6392-42A6-98B2-D0FC71F0812B}.Stage|x64.ActiveCfg = Release|Any CPU
		{2BE122E0-6392-42A6-98B2-D0FC71F0812B}.Stage|x64.Build.0 = Release|Any CPU
		{2BE122E0-6392-42A6-98B2-D0FC71F0812B}.Stage|x86.ActiveCfg = Release|Any CPU
		{2BE122E0-6392-42A6-98B2-D0FC71F0812B}.Stage|x86.Build.0 = Release|Any CPU
		{EFCA5B8F-E346-4C07-B517-202E6EA52E21}.Debug|Any CPU.ActiveCfg = Debug|Any CPU
		{EFCA5B8F-E346-4C07-B517-202E6EA52E21}.Debug|Any CPU.Build.0 = Debug|Any CPU
		{EFCA5B8F-E346-4C07-B517-202E6EA52E21}.Debug|ARM.ActiveCfg = Debug|Any CPU
		{EFCA5B8F-E346-4C07-B517-202E6EA52E21}.Debug|ARM.Build.0 = Debug|Any CPU
		{EFCA5B8F-E346-4C07-B517-202E6EA52E21}.Debug|x64.ActiveCfg = Debug|Any CPU
		{EFCA5B8F-E346-4C07-B517-202E6EA52E21}.Debug|x64.Build.0 = Debug|Any CPU
		{EFCA5B8F-E346-4C07-B517-202E6EA52E21}.Debug|x86.ActiveCfg = Debug|Any CPU
		{EFCA5B8F-E346-4C07-B517-202E6EA52E21}.Debug|x86.Build.0 = Debug|Any CPU
		{EFCA5B8F-E346-4C07-B517-202E6EA52E21}.QA|Any CPU.ActiveCfg = Release|Any CPU
		{EFCA5B8F-E346-4C07-B517-202E6EA52E21}.QA|Any CPU.Build.0 = Release|Any CPU
		{EFCA5B8F-E346-4C07-B517-202E6EA52E21}.QA|ARM.ActiveCfg = Release|Any CPU
		{EFCA5B8F-E346-4C07-B517-202E6EA52E21}.QA|ARM.Build.0 = Release|Any CPU
		{EFCA5B8F-E346-4C07-B517-202E6EA52E21}.QA|x64.ActiveCfg = Release|Any CPU
		{EFCA5B8F-E346-4C07-B517-202E6EA52E21}.QA|x64.Build.0 = Release|Any CPU
		{EFCA5B8F-E346-4C07-B517-202E6EA52E21}.QA|x86.ActiveCfg = Release|Any CPU
		{EFCA5B8F-E346-4C07-B517-202E6EA52E21}.QA|x86.Build.0 = Release|Any CPU
		{EFCA5B8F-E346-4C07-B517-202E6EA52E21}.Release|Any CPU.ActiveCfg = Release|Any CPU
		{EFCA5B8F-E346-4C07-B517-202E6EA52E21}.Release|Any CPU.Build.0 = Release|Any CPU
		{EFCA5B8F-E346-4C07-B517-202E6EA52E21}.Release|ARM.ActiveCfg = Release|Any CPU
		{EFCA5B8F-E346-4C07-B517-202E6EA52E21}.Release|ARM.Build.0 = Release|Any CPU
		{EFCA5B8F-E346-4C07-B517-202E6EA52E21}.Release|x64.ActiveCfg = Release|Any CPU
		{EFCA5B8F-E346-4C07-B517-202E6EA52E21}.Release|x64.Build.0 = Release|Any CPU
		{EFCA5B8F-E346-4C07-B517-202E6EA52E21}.Release|x86.ActiveCfg = Release|Any CPU
		{EFCA5B8F-E346-4C07-B517-202E6EA52E21}.Release|x86.Build.0 = Release|Any CPU
		{EFCA5B8F-E346-4C07-B517-202E6EA52E21}.Stage|Any CPU.ActiveCfg = Stage|Any CPU
		{EFCA5B8F-E346-4C07-B517-202E6EA52E21}.Stage|Any CPU.Build.0 = Stage|Any CPU
		{EFCA5B8F-E346-4C07-B517-202E6EA52E21}.Stage|ARM.ActiveCfg = Release|Any CPU
		{EFCA5B8F-E346-4C07-B517-202E6EA52E21}.Stage|ARM.Build.0 = Release|Any CPU
		{EFCA5B8F-E346-4C07-B517-202E6EA52E21}.Stage|x64.ActiveCfg = Release|Any CPU
		{EFCA5B8F-E346-4C07-B517-202E6EA52E21}.Stage|x64.Build.0 = Release|Any CPU
		{EFCA5B8F-E346-4C07-B517-202E6EA52E21}.Stage|x86.ActiveCfg = Release|Any CPU
		{EFCA5B8F-E346-4C07-B517-202E6EA52E21}.Stage|x86.Build.0 = Release|Any CPU
		{80E855C0-BDE8-40A1-97C2-85D18B084B0A}.Debug|Any CPU.ActiveCfg = Debug|Any CPU
		{80E855C0-BDE8-40A1-97C2-85D18B084B0A}.Debug|Any CPU.Build.0 = Debug|Any CPU
		{80E855C0-BDE8-40A1-97C2-85D18B084B0A}.Debug|ARM.ActiveCfg = Debug|Any CPU
		{80E855C0-BDE8-40A1-97C2-85D18B084B0A}.Debug|ARM.Build.0 = Debug|Any CPU
		{80E855C0-BDE8-40A1-97C2-85D18B084B0A}.Debug|x64.ActiveCfg = Debug|Any CPU
		{80E855C0-BDE8-40A1-97C2-85D18B084B0A}.Debug|x64.Build.0 = Debug|Any CPU
		{80E855C0-BDE8-40A1-97C2-85D18B084B0A}.Debug|x86.ActiveCfg = Debug|Any CPU
		{80E855C0-BDE8-40A1-97C2-85D18B084B0A}.Debug|x86.Build.0 = Debug|Any CPU
		{80E855C0-BDE8-40A1-97C2-85D18B084B0A}.QA|Any CPU.ActiveCfg = Release|Any CPU
		{80E855C0-BDE8-40A1-97C2-85D18B084B0A}.QA|Any CPU.Build.0 = Release|Any CPU
		{80E855C0-BDE8-40A1-97C2-85D18B084B0A}.QA|ARM.ActiveCfg = Release|Any CPU
		{80E855C0-BDE8-40A1-97C2-85D18B084B0A}.QA|ARM.Build.0 = Release|Any CPU
		{80E855C0-BDE8-40A1-97C2-85D18B084B0A}.QA|x64.ActiveCfg = Release|Any CPU
		{80E855C0-BDE8-40A1-97C2-85D18B084B0A}.QA|x64.Build.0 = Release|Any CPU
		{80E855C0-BDE8-40A1-97C2-85D18B084B0A}.QA|x86.ActiveCfg = Release|Any CPU
		{80E855C0-BDE8-40A1-97C2-85D18B084B0A}.QA|x86.Build.0 = Release|Any CPU
		{80E855C0-BDE8-40A1-97C2-85D18B084B0A}.Release|Any CPU.ActiveCfg = Release|Any CPU
		{80E855C0-BDE8-40A1-97C2-85D18B084B0A}.Release|Any CPU.Build.0 = Release|Any CPU
		{80E855C0-BDE8-40A1-97C2-85D18B084B0A}.Release|ARM.ActiveCfg = Release|Any CPU
		{80E855C0-BDE8-40A1-97C2-85D18B084B0A}.Release|ARM.Build.0 = Release|Any CPU
		{80E855C0-BDE8-40A1-97C2-85D18B084B0A}.Release|x64.ActiveCfg = Release|Any CPU
		{80E855C0-BDE8-40A1-97C2-85D18B084B0A}.Release|x64.Build.0 = Release|Any CPU
		{80E855C0-BDE8-40A1-97C2-85D18B084B0A}.Release|x86.ActiveCfg = Release|Any CPU
		{80E855C0-BDE8-40A1-97C2-85D18B084B0A}.Release|x86.Build.0 = Release|Any CPU
		{80E855C0-BDE8-40A1-97C2-85D18B084B0A}.Stage|Any CPU.ActiveCfg = Stage|Any CPU
		{80E855C0-BDE8-40A1-97C2-85D18B084B0A}.Stage|Any CPU.Build.0 = Stage|Any CPU
		{80E855C0-BDE8-40A1-97C2-85D18B084B0A}.Stage|ARM.ActiveCfg = Release|Any CPU
		{80E855C0-BDE8-40A1-97C2-85D18B084B0A}.Stage|ARM.Build.0 = Release|Any CPU
		{80E855C0-BDE8-40A1-97C2-85D18B084B0A}.Stage|x64.ActiveCfg = Release|Any CPU
		{80E855C0-BDE8-40A1-97C2-85D18B084B0A}.Stage|x64.Build.0 = Release|Any CPU
		{80E855C0-BDE8-40A1-97C2-85D18B084B0A}.Stage|x86.ActiveCfg = Release|Any CPU
		{80E855C0-BDE8-40A1-97C2-85D18B084B0A}.Stage|x86.Build.0 = Release|Any CPU
		{11D0AECC-F9A7-4CE9-B833-1E31B67DA267}.Debug|Any CPU.ActiveCfg = Debug|Any CPU
		{11D0AECC-F9A7-4CE9-B833-1E31B67DA267}.Debug|Any CPU.Build.0 = Debug|Any CPU
		{11D0AECC-F9A7-4CE9-B833-1E31B67DA267}.Debug|ARM.ActiveCfg = Debug|Any CPU
		{11D0AECC-F9A7-4CE9-B833-1E31B67DA267}.Debug|ARM.Build.0 = Debug|Any CPU
		{11D0AECC-F9A7-4CE9-B833-1E31B67DA267}.Debug|x64.ActiveCfg = Debug|Any CPU
		{11D0AECC-F9A7-4CE9-B833-1E31B67DA267}.Debug|x64.Build.0 = Debug|Any CPU
		{11D0AECC-F9A7-4CE9-B833-1E31B67DA267}.Debug|x86.ActiveCfg = Debug|Any CPU
		{11D0AECC-F9A7-4CE9-B833-1E31B67DA267}.Debug|x86.Build.0 = Debug|Any CPU
		{11D0AECC-F9A7-4CE9-B833-1E31B67DA267}.QA|Any CPU.ActiveCfg = Release|Any CPU
		{11D0AECC-F9A7-4CE9-B833-1E31B67DA267}.QA|Any CPU.Build.0 = Release|Any CPU
		{11D0AECC-F9A7-4CE9-B833-1E31B67DA267}.QA|ARM.ActiveCfg = Release|Any CPU
		{11D0AECC-F9A7-4CE9-B833-1E31B67DA267}.QA|ARM.Build.0 = Release|Any CPU
		{11D0AECC-F9A7-4CE9-B833-1E31B67DA267}.QA|x64.ActiveCfg = Release|Any CPU
		{11D0AECC-F9A7-4CE9-B833-1E31B67DA267}.QA|x64.Build.0 = Release|Any CPU
		{11D0AECC-F9A7-4CE9-B833-1E31B67DA267}.QA|x86.ActiveCfg = Release|Any CPU
		{11D0AECC-F9A7-4CE9-B833-1E31B67DA267}.QA|x86.Build.0 = Release|Any CPU
		{11D0AECC-F9A7-4CE9-B833-1E31B67DA267}.Release|Any CPU.ActiveCfg = Release|Any CPU
		{11D0AECC-F9A7-4CE9-B833-1E31B67DA267}.Release|Any CPU.Build.0 = Release|Any CPU
		{11D0AECC-F9A7-4CE9-B833-1E31B67DA267}.Release|ARM.ActiveCfg = Release|Any CPU
		{11D0AECC-F9A7-4CE9-B833-1E31B67DA267}.Release|ARM.Build.0 = Release|Any CPU
		{11D0AECC-F9A7-4CE9-B833-1E31B67DA267}.Release|x64.ActiveCfg = Release|Any CPU
		{11D0AECC-F9A7-4CE9-B833-1E31B67DA267}.Release|x64.Build.0 = Release|Any CPU
		{11D0AECC-F9A7-4CE9-B833-1E31B67DA267}.Release|x86.ActiveCfg = Release|Any CPU
		{11D0AECC-F9A7-4CE9-B833-1E31B67DA267}.Release|x86.Build.0 = Release|Any CPU
		{11D0AECC-F9A7-4CE9-B833-1E31B67DA267}.Stage|Any CPU.ActiveCfg = Stage|Any CPU
		{11D0AECC-F9A7-4CE9-B833-1E31B67DA267}.Stage|Any CPU.Build.0 = Stage|Any CPU
		{11D0AECC-F9A7-4CE9-B833-1E31B67DA267}.Stage|ARM.ActiveCfg = Release|Any CPU
		{11D0AECC-F9A7-4CE9-B833-1E31B67DA267}.Stage|ARM.Build.0 = Release|Any CPU
		{11D0AECC-F9A7-4CE9-B833-1E31B67DA267}.Stage|x64.ActiveCfg = Release|Any CPU
		{11D0AECC-F9A7-4CE9-B833-1E31B67DA267}.Stage|x64.Build.0 = Release|Any CPU
		{11D0AECC-F9A7-4CE9-B833-1E31B67DA267}.Stage|x86.ActiveCfg = Release|Any CPU
		{11D0AECC-F9A7-4CE9-B833-1E31B67DA267}.Stage|x86.Build.0 = Release|Any CPU
		{4F304FD9-6210-41DD-932B-AFA4066896A1}.Debug|Any CPU.ActiveCfg = Debug|Any CPU
		{4F304FD9-6210-41DD-932B-AFA4066896A1}.Debug|Any CPU.Build.0 = Debug|Any CPU
		{4F304FD9-6210-41DD-932B-AFA4066896A1}.Debug|ARM.ActiveCfg = Debug|Any CPU
		{4F304FD9-6210-41DD-932B-AFA4066896A1}.Debug|ARM.Build.0 = Debug|Any CPU
		{4F304FD9-6210-41DD-932B-AFA4066896A1}.Debug|x64.ActiveCfg = Debug|Any CPU
		{4F304FD9-6210-41DD-932B-AFA4066896A1}.Debug|x64.Build.0 = Debug|Any CPU
		{4F304FD9-6210-41DD-932B-AFA4066896A1}.Debug|x86.ActiveCfg = Debug|Any CPU
		{4F304FD9-6210-41DD-932B-AFA4066896A1}.Debug|x86.Build.0 = Debug|Any CPU
		{4F304FD9-6210-41DD-932B-AFA4066896A1}.QA|Any CPU.ActiveCfg = Release|Any CPU
		{4F304FD9-6210-41DD-932B-AFA4066896A1}.QA|Any CPU.Build.0 = Release|Any CPU
		{4F304FD9-6210-41DD-932B-AFA4066896A1}.QA|ARM.ActiveCfg = Release|Any CPU
		{4F304FD9-6210-41DD-932B-AFA4066896A1}.QA|ARM.Build.0 = Release|Any CPU
		{4F304FD9-6210-41DD-932B-AFA4066896A1}.QA|x64.ActiveCfg = Release|Any CPU
		{4F304FD9-6210-41DD-932B-AFA4066896A1}.QA|x64.Build.0 = Release|Any CPU
		{4F304FD9-6210-41DD-932B-AFA4066896A1}.QA|x86.ActiveCfg = Release|Any CPU
		{4F304FD9-6210-41DD-932B-AFA4066896A1}.QA|x86.Build.0 = Release|Any CPU
		{4F304FD9-6210-41DD-932B-AFA4066896A1}.Release|Any CPU.ActiveCfg = Release|Any CPU
		{4F304FD9-6210-41DD-932B-AFA4066896A1}.Release|Any CPU.Build.0 = Release|Any CPU
		{4F304FD9-6210-41DD-932B-AFA4066896A1}.Release|ARM.ActiveCfg = Release|Any CPU
		{4F304FD9-6210-41DD-932B-AFA4066896A1}.Release|ARM.Build.0 = Release|Any CPU
		{4F304FD9-6210-41DD-932B-AFA4066896A1}.Release|x64.ActiveCfg = Release|Any CPU
		{4F304FD9-6210-41DD-932B-AFA4066896A1}.Release|x64.Build.0 = Release|Any CPU
		{4F304FD9-6210-41DD-932B-AFA4066896A1}.Release|x86.ActiveCfg = Release|Any CPU
		{4F304FD9-6210-41DD-932B-AFA4066896A1}.Release|x86.Build.0 = Release|Any CPU
		{4F304FD9-6210-41DD-932B-AFA4066896A1}.Stage|Any CPU.ActiveCfg = Stage|Any CPU
		{4F304FD9-6210-41DD-932B-AFA4066896A1}.Stage|Any CPU.Build.0 = Stage|Any CPU
		{4F304FD9-6210-41DD-932B-AFA4066896A1}.Stage|ARM.ActiveCfg = Release|Any CPU
		{4F304FD9-6210-41DD-932B-AFA4066896A1}.Stage|ARM.Build.0 = Release|Any CPU
		{4F304FD9-6210-41DD-932B-AFA4066896A1}.Stage|x64.ActiveCfg = Release|Any CPU
		{4F304FD9-6210-41DD-932B-AFA4066896A1}.Stage|x64.Build.0 = Release|Any CPU
		{4F304FD9-6210-41DD-932B-AFA4066896A1}.Stage|x86.ActiveCfg = Release|Any CPU
		{4F304FD9-6210-41DD-932B-AFA4066896A1}.Stage|x86.Build.0 = Release|Any CPU
		{1D170C5D-2A93-4747-9FB8-811939956E75}.Debug|Any CPU.ActiveCfg = Debug|Any CPU
		{1D170C5D-2A93-4747-9FB8-811939956E75}.Debug|Any CPU.Build.0 = Debug|Any CPU
		{1D170C5D-2A93-4747-9FB8-811939956E75}.Debug|ARM.ActiveCfg = Debug|Any CPU
		{1D170C5D-2A93-4747-9FB8-811939956E75}.Debug|ARM.Build.0 = Debug|Any CPU
		{1D170C5D-2A93-4747-9FB8-811939956E75}.Debug|x64.ActiveCfg = Debug|Any CPU
		{1D170C5D-2A93-4747-9FB8-811939956E75}.Debug|x64.Build.0 = Debug|Any CPU
		{1D170C5D-2A93-4747-9FB8-811939956E75}.Debug|x86.ActiveCfg = Debug|Any CPU
		{1D170C5D-2A93-4747-9FB8-811939956E75}.Debug|x86.Build.0 = Debug|Any CPU
		{1D170C5D-2A93-4747-9FB8-811939956E75}.QA|Any CPU.ActiveCfg = Release|Any CPU
		{1D170C5D-2A93-4747-9FB8-811939956E75}.QA|Any CPU.Build.0 = Release|Any CPU
		{1D170C5D-2A93-4747-9FB8-811939956E75}.QA|ARM.ActiveCfg = Release|Any CPU
		{1D170C5D-2A93-4747-9FB8-811939956E75}.QA|ARM.Build.0 = Release|Any CPU
		{1D170C5D-2A93-4747-9FB8-811939956E75}.QA|x64.ActiveCfg = Release|Any CPU
		{1D170C5D-2A93-4747-9FB8-811939956E75}.QA|x64.Build.0 = Release|Any CPU
		{1D170C5D-2A93-4747-9FB8-811939956E75}.QA|x86.ActiveCfg = Release|Any CPU
		{1D170C5D-2A93-4747-9FB8-811939956E75}.QA|x86.Build.0 = Release|Any CPU
		{1D170C5D-2A93-4747-9FB8-811939956E75}.Release|Any CPU.ActiveCfg = Release|Any CPU
		{1D170C5D-2A93-4747-9FB8-811939956E75}.Release|Any CPU.Build.0 = Release|Any CPU
		{1D170C5D-2A93-4747-9FB8-811939956E75}.Release|ARM.ActiveCfg = Release|Any CPU
		{1D170C5D-2A93-4747-9FB8-811939956E75}.Release|ARM.Build.0 = Release|Any CPU
		{1D170C5D-2A93-4747-9FB8-811939956E75}.Release|x64.ActiveCfg = Release|Any CPU
		{1D170C5D-2A93-4747-9FB8-811939956E75}.Release|x64.Build.0 = Release|Any CPU
		{1D170C5D-2A93-4747-9FB8-811939956E75}.Release|x86.ActiveCfg = Release|Any CPU
		{1D170C5D-2A93-4747-9FB8-811939956E75}.Release|x86.Build.0 = Release|Any CPU
		{1D170C5D-2A93-4747-9FB8-811939956E75}.Stage|Any CPU.ActiveCfg = Stage|Any CPU
		{1D170C5D-2A93-4747-9FB8-811939956E75}.Stage|Any CPU.Build.0 = Stage|Any CPU
		{1D170C5D-2A93-4747-9FB8-811939956E75}.Stage|ARM.ActiveCfg = Release|Any CPU
		{1D170C5D-2A93-4747-9FB8-811939956E75}.Stage|ARM.Build.0 = Release|Any CPU
		{1D170C5D-2A93-4747-9FB8-811939956E75}.Stage|x64.ActiveCfg = Release|Any CPU
		{1D170C5D-2A93-4747-9FB8-811939956E75}.Stage|x64.Build.0 = Release|Any CPU
		{1D170C5D-2A93-4747-9FB8-811939956E75}.Stage|x86.ActiveCfg = Release|Any CPU
		{1D170C5D-2A93-4747-9FB8-811939956E75}.Stage|x86.Build.0 = Release|Any CPU
		{D9B34002-5916-48C4-8226-23C4E30B1244}.Debug|Any CPU.ActiveCfg = Debug|Any CPU
		{D9B34002-5916-48C4-8226-23C4E30B1244}.Debug|Any CPU.Build.0 = Debug|Any CPU
		{D9B34002-5916-48C4-8226-23C4E30B1244}.Debug|ARM.ActiveCfg = Debug|Any CPU
		{D9B34002-5916-48C4-8226-23C4E30B1244}.Debug|ARM.Build.0 = Debug|Any CPU
		{D9B34002-5916-48C4-8226-23C4E30B1244}.Debug|x64.ActiveCfg = Debug|Any CPU
		{D9B34002-5916-48C4-8226-23C4E30B1244}.Debug|x64.Build.0 = Debug|Any CPU
		{D9B34002-5916-48C4-8226-23C4E30B1244}.Debug|x86.ActiveCfg = Debug|Any CPU
		{D9B34002-5916-48C4-8226-23C4E30B1244}.Debug|x86.Build.0 = Debug|Any CPU
		{D9B34002-5916-48C4-8226-23C4E30B1244}.QA|Any CPU.ActiveCfg = Release|Any CPU
		{D9B34002-5916-48C4-8226-23C4E30B1244}.QA|Any CPU.Build.0 = Release|Any CPU
		{D9B34002-5916-48C4-8226-23C4E30B1244}.QA|ARM.ActiveCfg = Release|Any CPU
		{D9B34002-5916-48C4-8226-23C4E30B1244}.QA|ARM.Build.0 = Release|Any CPU
		{D9B34002-5916-48C4-8226-23C4E30B1244}.QA|x64.ActiveCfg = Release|Any CPU
		{D9B34002-5916-48C4-8226-23C4E30B1244}.QA|x64.Build.0 = Release|Any CPU
		{D9B34002-5916-48C4-8226-23C4E30B1244}.QA|x86.ActiveCfg = Release|Any CPU
		{D9B34002-5916-48C4-8226-23C4E30B1244}.QA|x86.Build.0 = Release|Any CPU
		{D9B34002-5916-48C4-8226-23C4E30B1244}.Release|Any CPU.ActiveCfg = Release|Any CPU
		{D9B34002-5916-48C4-8226-23C4E30B1244}.Release|Any CPU.Build.0 = Release|Any CPU
		{D9B34002-5916-48C4-8226-23C4E30B1244}.Release|ARM.ActiveCfg = Release|Any CPU
		{D9B34002-5916-48C4-8226-23C4E30B1244}.Release|ARM.Build.0 = Release|Any CPU
		{D9B34002-5916-48C4-8226-23C4E30B1244}.Release|x64.ActiveCfg = Release|Any CPU
		{D9B34002-5916-48C4-8226-23C4E30B1244}.Release|x64.Build.0 = Release|Any CPU
		{D9B34002-5916-48C4-8226-23C4E30B1244}.Release|x86.ActiveCfg = Release|Any CPU
		{D9B34002-5916-48C4-8226-23C4E30B1244}.Release|x86.Build.0 = Release|Any CPU
		{D9B34002-5916-48C4-8226-23C4E30B1244}.Stage|Any CPU.ActiveCfg = Stage|Any CPU
		{D9B34002-5916-48C4-8226-23C4E30B1244}.Stage|Any CPU.Build.0 = Stage|Any CPU
		{D9B34002-5916-48C4-8226-23C4E30B1244}.Stage|ARM.ActiveCfg = Release|Any CPU
		{D9B34002-5916-48C4-8226-23C4E30B1244}.Stage|ARM.Build.0 = Release|Any CPU
		{D9B34002-5916-48C4-8226-23C4E30B1244}.Stage|x64.ActiveCfg = Release|Any CPU
		{D9B34002-5916-48C4-8226-23C4E30B1244}.Stage|x64.Build.0 = Release|Any CPU
		{D9B34002-5916-48C4-8226-23C4E30B1244}.Stage|x86.ActiveCfg = Release|Any CPU
		{D9B34002-5916-48C4-8226-23C4E30B1244}.Stage|x86.Build.0 = Release|Any CPU
		{F840708B-5D0D-465F-94C9-EF4AD1098FC7}.Debug|Any CPU.ActiveCfg = Debug|Any CPU
		{F840708B-5D0D-465F-94C9-EF4AD1098FC7}.Debug|Any CPU.Build.0 = Debug|Any CPU
		{F840708B-5D0D-465F-94C9-EF4AD1098FC7}.Debug|ARM.ActiveCfg = Debug|Any CPU
		{F840708B-5D0D-465F-94C9-EF4AD1098FC7}.Debug|ARM.Build.0 = Debug|Any CPU
		{F840708B-5D0D-465F-94C9-EF4AD1098FC7}.Debug|x64.ActiveCfg = Debug|Any CPU
		{F840708B-5D0D-465F-94C9-EF4AD1098FC7}.Debug|x64.Build.0 = Debug|Any CPU
		{F840708B-5D0D-465F-94C9-EF4AD1098FC7}.Debug|x86.ActiveCfg = Debug|Any CPU
		{F840708B-5D0D-465F-94C9-EF4AD1098FC7}.Debug|x86.Build.0 = Debug|Any CPU
		{F840708B-5D0D-465F-94C9-EF4AD1098FC7}.QA|Any CPU.ActiveCfg = Release|Any CPU
		{F840708B-5D0D-465F-94C9-EF4AD1098FC7}.QA|Any CPU.Build.0 = Release|Any CPU
		{F840708B-5D0D-465F-94C9-EF4AD1098FC7}.QA|ARM.ActiveCfg = Release|Any CPU
		{F840708B-5D0D-465F-94C9-EF4AD1098FC7}.QA|ARM.Build.0 = Release|Any CPU
		{F840708B-5D0D-465F-94C9-EF4AD1098FC7}.QA|x64.ActiveCfg = Release|Any CPU
		{F840708B-5D0D-465F-94C9-EF4AD1098FC7}.QA|x64.Build.0 = Release|Any CPU
		{F840708B-5D0D-465F-94C9-EF4AD1098FC7}.QA|x86.ActiveCfg = Release|Any CPU
		{F840708B-5D0D-465F-94C9-EF4AD1098FC7}.QA|x86.Build.0 = Release|Any CPU
		{F840708B-5D0D-465F-94C9-EF4AD1098FC7}.Release|Any CPU.ActiveCfg = Release|Any CPU
		{F840708B-5D0D-465F-94C9-EF4AD1098FC7}.Release|Any CPU.Build.0 = Release|Any CPU
		{F840708B-5D0D-465F-94C9-EF4AD1098FC7}.Release|ARM.ActiveCfg = Release|Any CPU
		{F840708B-5D0D-465F-94C9-EF4AD1098FC7}.Release|ARM.Build.0 = Release|Any CPU
		{F840708B-5D0D-465F-94C9-EF4AD1098FC7}.Release|x64.ActiveCfg = Release|Any CPU
		{F840708B-5D0D-465F-94C9-EF4AD1098FC7}.Release|x64.Build.0 = Release|Any CPU
		{F840708B-5D0D-465F-94C9-EF4AD1098FC7}.Release|x86.ActiveCfg = Release|Any CPU
		{F840708B-5D0D-465F-94C9-EF4AD1098FC7}.Release|x86.Build.0 = Release|Any CPU
		{F840708B-5D0D-465F-94C9-EF4AD1098FC7}.Stage|Any CPU.ActiveCfg = Stage|Any CPU
		{F840708B-5D0D-465F-94C9-EF4AD1098FC7}.Stage|Any CPU.Build.0 = Stage|Any CPU
		{F840708B-5D0D-465F-94C9-EF4AD1098FC7}.Stage|ARM.ActiveCfg = Release|Any CPU
		{F840708B-5D0D-465F-94C9-EF4AD1098FC7}.Stage|ARM.Build.0 = Release|Any CPU
		{F840708B-5D0D-465F-94C9-EF4AD1098FC7}.Stage|x64.ActiveCfg = Release|Any CPU
		{F840708B-5D0D-465F-94C9-EF4AD1098FC7}.Stage|x64.Build.0 = Release|Any CPU
		{F840708B-5D0D-465F-94C9-EF4AD1098FC7}.Stage|x86.ActiveCfg = Release|Any CPU
		{F840708B-5D0D-465F-94C9-EF4AD1098FC7}.Stage|x86.Build.0 = Release|Any CPU
		{98E3A5FD-B7A6-4972-BC51-77CF4EBE44F0}.Debug|Any CPU.ActiveCfg = Debug|Any CPU
		{98E3A5FD-B7A6-4972-BC51-77CF4EBE44F0}.Debug|Any CPU.Build.0 = Debug|Any CPU
		{98E3A5FD-B7A6-4972-BC51-77CF4EBE44F0}.Debug|ARM.ActiveCfg = Debug|Any CPU
		{98E3A5FD-B7A6-4972-BC51-77CF4EBE44F0}.Debug|ARM.Build.0 = Debug|Any CPU
		{98E3A5FD-B7A6-4972-BC51-77CF4EBE44F0}.Debug|x64.ActiveCfg = Debug|Any CPU
		{98E3A5FD-B7A6-4972-BC51-77CF4EBE44F0}.Debug|x64.Build.0 = Debug|Any CPU
		{98E3A5FD-B7A6-4972-BC51-77CF4EBE44F0}.Debug|x86.ActiveCfg = Debug|Any CPU
		{98E3A5FD-B7A6-4972-BC51-77CF4EBE44F0}.Debug|x86.Build.0 = Debug|Any CPU
		{98E3A5FD-B7A6-4972-BC51-77CF4EBE44F0}.QA|Any CPU.ActiveCfg = Release|Any CPU
		{98E3A5FD-B7A6-4972-BC51-77CF4EBE44F0}.QA|Any CPU.Build.0 = Release|Any CPU
		{98E3A5FD-B7A6-4972-BC51-77CF4EBE44F0}.QA|ARM.ActiveCfg = Release|Any CPU
		{98E3A5FD-B7A6-4972-BC51-77CF4EBE44F0}.QA|ARM.Build.0 = Release|Any CPU
		{98E3A5FD-B7A6-4972-BC51-77CF4EBE44F0}.QA|x64.ActiveCfg = Release|Any CPU
		{98E3A5FD-B7A6-4972-BC51-77CF4EBE44F0}.QA|x64.Build.0 = Release|Any CPU
		{98E3A5FD-B7A6-4972-BC51-77CF4EBE44F0}.QA|x86.ActiveCfg = Release|Any CPU
		{98E3A5FD-B7A6-4972-BC51-77CF4EBE44F0}.QA|x86.Build.0 = Release|Any CPU
		{98E3A5FD-B7A6-4972-BC51-77CF4EBE44F0}.Release|Any CPU.ActiveCfg = Release|Any CPU
		{98E3A5FD-B7A6-4972-BC51-77CF4EBE44F0}.Release|Any CPU.Build.0 = Release|Any CPU
		{98E3A5FD-B7A6-4972-BC51-77CF4EBE44F0}.Release|ARM.ActiveCfg = Release|Any CPU
		{98E3A5FD-B7A6-4972-BC51-77CF4EBE44F0}.Release|ARM.Build.0 = Release|Any CPU
		{98E3A5FD-B7A6-4972-BC51-77CF4EBE44F0}.Release|x64.ActiveCfg = Release|Any CPU
		{98E3A5FD-B7A6-4972-BC51-77CF4EBE44F0}.Release|x64.Build.0 = Release|Any CPU
		{98E3A5FD-B7A6-4972-BC51-77CF4EBE44F0}.Release|x86.ActiveCfg = Release|Any CPU
		{98E3A5FD-B7A6-4972-BC51-77CF4EBE44F0}.Release|x86.Build.0 = Release|Any CPU
		{98E3A5FD-B7A6-4972-BC51-77CF4EBE44F0}.Stage|Any CPU.ActiveCfg = Stage|Any CPU
		{98E3A5FD-B7A6-4972-BC51-77CF4EBE44F0}.Stage|Any CPU.Build.0 = Stage|Any CPU
		{98E3A5FD-B7A6-4972-BC51-77CF4EBE44F0}.Stage|ARM.ActiveCfg = Release|Any CPU
		{98E3A5FD-B7A6-4972-BC51-77CF4EBE44F0}.Stage|ARM.Build.0 = Release|Any CPU
		{98E3A5FD-B7A6-4972-BC51-77CF4EBE44F0}.Stage|x64.ActiveCfg = Release|Any CPU
		{98E3A5FD-B7A6-4972-BC51-77CF4EBE44F0}.Stage|x64.Build.0 = Release|Any CPU
		{98E3A5FD-B7A6-4972-BC51-77CF4EBE44F0}.Stage|x86.ActiveCfg = Release|Any CPU
		{98E3A5FD-B7A6-4972-BC51-77CF4EBE44F0}.Stage|x86.Build.0 = Release|Any CPU
		{789D5400-9B5E-4F62-832C-20FA8428E572}.Debug|Any CPU.ActiveCfg = Debug|Any CPU
		{789D5400-9B5E-4F62-832C-20FA8428E572}.Debug|Any CPU.Build.0 = Debug|Any CPU
		{789D5400-9B5E-4F62-832C-20FA8428E572}.Debug|ARM.ActiveCfg = Debug|Any CPU
		{789D5400-9B5E-4F62-832C-20FA8428E572}.Debug|ARM.Build.0 = Debug|Any CPU
		{789D5400-9B5E-4F62-832C-20FA8428E572}.Debug|x64.ActiveCfg = Debug|Any CPU
		{789D5400-9B5E-4F62-832C-20FA8428E572}.Debug|x64.Build.0 = Debug|Any CPU
		{789D5400-9B5E-4F62-832C-20FA8428E572}.Debug|x86.ActiveCfg = Debug|Any CPU
		{789D5400-9B5E-4F62-832C-20FA8428E572}.Debug|x86.Build.0 = Debug|Any CPU
		{789D5400-9B5E-4F62-832C-20FA8428E572}.QA|Any CPU.ActiveCfg = Release|Any CPU
		{789D5400-9B5E-4F62-832C-20FA8428E572}.QA|Any CPU.Build.0 = Release|Any CPU
		{789D5400-9B5E-4F62-832C-20FA8428E572}.QA|ARM.ActiveCfg = Release|Any CPU
		{789D5400-9B5E-4F62-832C-20FA8428E572}.QA|ARM.Build.0 = Release|Any CPU
		{789D5400-9B5E-4F62-832C-20FA8428E572}.QA|x64.ActiveCfg = Release|Any CPU
		{789D5400-9B5E-4F62-832C-20FA8428E572}.QA|x64.Build.0 = Release|Any CPU
		{789D5400-9B5E-4F62-832C-20FA8428E572}.QA|x86.ActiveCfg = Release|Any CPU
		{789D5400-9B5E-4F62-832C-20FA8428E572}.QA|x86.Build.0 = Release|Any CPU
		{789D5400-9B5E-4F62-832C-20FA8428E572}.Release|Any CPU.ActiveCfg = Release|Any CPU
		{789D5400-9B5E-4F62-832C-20FA8428E572}.Release|Any CPU.Build.0 = Release|Any CPU
		{789D5400-9B5E-4F62-832C-20FA8428E572}.Release|ARM.ActiveCfg = Release|Any CPU
		{789D5400-9B5E-4F62-832C-20FA8428E572}.Release|ARM.Build.0 = Release|Any CPU
		{789D5400-9B5E-4F62-832C-20FA8428E572}.Release|x64.ActiveCfg = Release|Any CPU
		{789D5400-9B5E-4F62-832C-20FA8428E572}.Release|x64.Build.0 = Release|Any CPU
		{789D5400-9B5E-4F62-832C-20FA8428E572}.Release|x86.ActiveCfg = Release|Any CPU
		{789D5400-9B5E-4F62-832C-20FA8428E572}.Release|x86.Build.0 = Release|Any CPU
		{789D5400-9B5E-4F62-832C-20FA8428E572}.Stage|Any CPU.ActiveCfg = Stage|Any CPU
		{789D5400-9B5E-4F62-832C-20FA8428E572}.Stage|Any CPU.Build.0 = Stage|Any CPU
		{789D5400-9B5E-4F62-832C-20FA8428E572}.Stage|ARM.ActiveCfg = Release|Any CPU
		{789D5400-9B5E-4F62-832C-20FA8428E572}.Stage|ARM.Build.0 = Release|Any CPU
		{789D5400-9B5E-4F62-832C-20FA8428E572}.Stage|x64.ActiveCfg = Release|Any CPU
		{789D5400-9B5E-4F62-832C-20FA8428E572}.Stage|x64.Build.0 = Release|Any CPU
		{789D5400-9B5E-4F62-832C-20FA8428E572}.Stage|x86.ActiveCfg = Release|Any CPU
		{789D5400-9B5E-4F62-832C-20FA8428E572}.Stage|x86.Build.0 = Release|Any CPU
		{3683AF7D-373B-4646-878C-4ACA56182B6B}.Debug|Any CPU.ActiveCfg = Debug|Any CPU
		{3683AF7D-373B-4646-878C-4ACA56182B6B}.Debug|Any CPU.Build.0 = Debug|Any CPU
		{3683AF7D-373B-4646-878C-4ACA56182B6B}.Debug|ARM.ActiveCfg = Debug|Any CPU
		{3683AF7D-373B-4646-878C-4ACA56182B6B}.Debug|ARM.Build.0 = Debug|Any CPU
		{3683AF7D-373B-4646-878C-4ACA56182B6B}.Debug|x64.ActiveCfg = Debug|Any CPU
		{3683AF7D-373B-4646-878C-4ACA56182B6B}.Debug|x64.Build.0 = Debug|Any CPU
		{3683AF7D-373B-4646-878C-4ACA56182B6B}.Debug|x86.ActiveCfg = Debug|Any CPU
		{3683AF7D-373B-4646-878C-4ACA56182B6B}.Debug|x86.Build.0 = Debug|Any CPU
		{3683AF7D-373B-4646-878C-4ACA56182B6B}.QA|Any CPU.ActiveCfg = Release|Any CPU
		{3683AF7D-373B-4646-878C-4ACA56182B6B}.QA|Any CPU.Build.0 = Release|Any CPU
		{3683AF7D-373B-4646-878C-4ACA56182B6B}.QA|ARM.ActiveCfg = Release|Any CPU
		{3683AF7D-373B-4646-878C-4ACA56182B6B}.QA|ARM.Build.0 = Release|Any CPU
		{3683AF7D-373B-4646-878C-4ACA56182B6B}.QA|x64.ActiveCfg = Release|Any CPU
		{3683AF7D-373B-4646-878C-4ACA56182B6B}.QA|x64.Build.0 = Release|Any CPU
		{3683AF7D-373B-4646-878C-4ACA56182B6B}.QA|x86.ActiveCfg = Release|Any CPU
		{3683AF7D-373B-4646-878C-4ACA56182B6B}.QA|x86.Build.0 = Release|Any CPU
		{3683AF7D-373B-4646-878C-4ACA56182B6B}.Release|Any CPU.ActiveCfg = Release|Any CPU
		{3683AF7D-373B-4646-878C-4ACA56182B6B}.Release|Any CPU.Build.0 = Release|Any CPU
		{3683AF7D-373B-4646-878C-4ACA56182B6B}.Release|ARM.ActiveCfg = Release|Any CPU
		{3683AF7D-373B-4646-878C-4ACA56182B6B}.Release|ARM.Build.0 = Release|Any CPU
		{3683AF7D-373B-4646-878C-4ACA56182B6B}.Release|x64.ActiveCfg = Release|Any CPU
		{3683AF7D-373B-4646-878C-4ACA56182B6B}.Release|x64.Build.0 = Release|Any CPU
		{3683AF7D-373B-4646-878C-4ACA56182B6B}.Release|x86.ActiveCfg = Release|Any CPU
		{3683AF7D-373B-4646-878C-4ACA56182B6B}.Release|x86.Build.0 = Release|Any CPU
		{3683AF7D-373B-4646-878C-4ACA56182B6B}.Stage|Any CPU.ActiveCfg = Stage|Any CPU
		{3683AF7D-373B-4646-878C-4ACA56182B6B}.Stage|Any CPU.Build.0 = Stage|Any CPU
		{3683AF7D-373B-4646-878C-4ACA56182B6B}.Stage|ARM.ActiveCfg = Release|Any CPU
		{3683AF7D-373B-4646-878C-4ACA56182B6B}.Stage|ARM.Build.0 = Release|Any CPU
		{3683AF7D-373B-4646-878C-4ACA56182B6B}.Stage|x64.ActiveCfg = Release|Any CPU
		{3683AF7D-373B-4646-878C-4ACA56182B6B}.Stage|x64.Build.0 = Release|Any CPU
		{3683AF7D-373B-4646-878C-4ACA56182B6B}.Stage|x86.ActiveCfg = Release|Any CPU
		{3683AF7D-373B-4646-878C-4ACA56182B6B}.Stage|x86.Build.0 = Release|Any CPU
		{2C8E82BE-4562-4BD8-806E-2ABC806FF2B3}.Debug|Any CPU.ActiveCfg = Debug|Any CPU
		{2C8E82BE-4562-4BD8-806E-2ABC806FF2B3}.Debug|Any CPU.Build.0 = Debug|Any CPU
		{2C8E82BE-4562-4BD8-806E-2ABC806FF2B3}.Debug|ARM.ActiveCfg = Debug|Any CPU
		{2C8E82BE-4562-4BD8-806E-2ABC806FF2B3}.Debug|ARM.Build.0 = Debug|Any CPU
		{2C8E82BE-4562-4BD8-806E-2ABC806FF2B3}.Debug|x64.ActiveCfg = Debug|Any CPU
		{2C8E82BE-4562-4BD8-806E-2ABC806FF2B3}.Debug|x64.Build.0 = Debug|Any CPU
		{2C8E82BE-4562-4BD8-806E-2ABC806FF2B3}.Debug|x86.ActiveCfg = Debug|Any CPU
		{2C8E82BE-4562-4BD8-806E-2ABC806FF2B3}.Debug|x86.Build.0 = Debug|Any CPU
		{2C8E82BE-4562-4BD8-806E-2ABC806FF2B3}.QA|Any CPU.ActiveCfg = Release|Any CPU
		{2C8E82BE-4562-4BD8-806E-2ABC806FF2B3}.QA|Any CPU.Build.0 = Release|Any CPU
		{2C8E82BE-4562-4BD8-806E-2ABC806FF2B3}.QA|ARM.ActiveCfg = Release|Any CPU
		{2C8E82BE-4562-4BD8-806E-2ABC806FF2B3}.QA|ARM.Build.0 = Release|Any CPU
		{2C8E82BE-4562-4BD8-806E-2ABC806FF2B3}.QA|x64.ActiveCfg = Release|Any CPU
		{2C8E82BE-4562-4BD8-806E-2ABC806FF2B3}.QA|x64.Build.0 = Release|Any CPU
		{2C8E82BE-4562-4BD8-806E-2ABC806FF2B3}.QA|x86.ActiveCfg = Release|Any CPU
		{2C8E82BE-4562-4BD8-806E-2ABC806FF2B3}.QA|x86.Build.0 = Release|Any CPU
		{2C8E82BE-4562-4BD8-806E-2ABC806FF2B3}.Release|Any CPU.ActiveCfg = Release|Any CPU
		{2C8E82BE-4562-4BD8-806E-2ABC806FF2B3}.Release|Any CPU.Build.0 = Release|Any CPU
		{2C8E82BE-4562-4BD8-806E-2ABC806FF2B3}.Release|ARM.ActiveCfg = Release|Any CPU
		{2C8E82BE-4562-4BD8-806E-2ABC806FF2B3}.Release|ARM.Build.0 = Release|Any CPU
		{2C8E82BE-4562-4BD8-806E-2ABC806FF2B3}.Release|x64.ActiveCfg = Release|Any CPU
		{2C8E82BE-4562-4BD8-806E-2ABC806FF2B3}.Release|x64.Build.0 = Release|Any CPU
		{2C8E82BE-4562-4BD8-806E-2ABC806FF2B3}.Release|x86.ActiveCfg = Release|Any CPU
		{2C8E82BE-4562-4BD8-806E-2ABC806FF2B3}.Release|x86.Build.0 = Release|Any CPU
		{2C8E82BE-4562-4BD8-806E-2ABC806FF2B3}.Stage|Any CPU.ActiveCfg = Release|Any CPU
		{2C8E82BE-4562-4BD8-806E-2ABC806FF2B3}.Stage|Any CPU.Build.0 = Release|Any CPU
		{2C8E82BE-4562-4BD8-806E-2ABC806FF2B3}.Stage|ARM.ActiveCfg = Release|Any CPU
		{2C8E82BE-4562-4BD8-806E-2ABC806FF2B3}.Stage|ARM.Build.0 = Release|Any CPU
		{2C8E82BE-4562-4BD8-806E-2ABC806FF2B3}.Stage|x64.ActiveCfg = Release|Any CPU
		{2C8E82BE-4562-4BD8-806E-2ABC806FF2B3}.Stage|x64.Build.0 = Release|Any CPU
		{2C8E82BE-4562-4BD8-806E-2ABC806FF2B3}.Stage|x86.ActiveCfg = Release|Any CPU
		{2C8E82BE-4562-4BD8-806E-2ABC806FF2B3}.Stage|x86.Build.0 = Release|Any CPU
	EndGlobalSection
	GlobalSection(SolutionProperties) = preSolution
		HideSolutionNode = FALSE
	EndGlobalSection
	GlobalSection(NestedProjects) = preSolution
		{8B0773F4-E04A-40EA-8C02-8ECFE1DCD428} = {ED781B44-61DB-4210-97C3-857F9A097812}
		{201CB42A-0579-49D0-955A-BD5A1660119E} = {9891ABE2-5909-4940-B9AF-D1D0E21BC8A9}
		{3845709B-5EAE-466B-A381-AA9A121E4A6A} = {9891ABE2-5909-4940-B9AF-D1D0E21BC8A9}
		{EA0A5A9E-AC18-4E7B-BDE2-5ABE8FBFDEA1} = {3B930DCA-49C9-4789-9838-3FA9A57A0274}
		{28848568-DCF6-47B1-AF19-7F186DE013E3} = {3B930DCA-49C9-4789-9838-3FA9A57A0274}
		{63F829A1-2BD9-49ED-B209-319C58538BF6} = {3B930DCA-49C9-4789-9838-3FA9A57A0274}
		{3864282A-6024-453E-A35A-C6ADE39A520E} = {5B579748-47B2-46B3-9F3A-9453A446C6DA}
		{D8C35AC6-25A6-46A8-9A6F-5DB8442EAD21} = {4BA32767-D02F-4909-9A5A-2F65F1231129}
		{F5644194-5AB2-4FBA-8632-46630FB5DDD3} = {4BA32767-D02F-4909-9A5A-2F65F1231129}
		{71D628D4-24AB-4493-A7BA-8C5565870A17} = {ED781B44-61DB-4210-97C3-857F9A097812}
		{303C7119-0F5C-4873-8B80-41FCB1C4BB93} = {47C494A6-125E-4093-8A7A-6B9E2890DEF1}
		{6A0522AA-6EF2-41A8-9AE2-A36379A90BFF} = {E250DB23-EBE0-4E55-885B-964EBAE2595D}
		{B53BA670-6C29-414B-AC89-0D83429DCB31} = {E250DB23-EBE0-4E55-885B-964EBAE2595D}
		{8FFBC954-59BA-454E-ADF6-7103BF2364F0} = {E250DB23-EBE0-4E55-885B-964EBAE2595D}
		{DC2CE6AE-9737-49F5-AADD-F3A3BD384A72} = {8657CA82-AB63-40BB-9184-3D7EFD9ABFA6}
		{779AAEFE-49B7-4721-9C9B-904AA279C5E8} = {47C494A6-125E-4093-8A7A-6B9E2890DEF1}
		{49E4F162-6387-4E54-AC34-E05727FA0605} = {E250DB23-EBE0-4E55-885B-964EBAE2595D}
		{B7DE672F-3130-4E77-A1B9-43E3716D4629} = {E250DB23-EBE0-4E55-885B-964EBAE2595D}
		{49AC9FC7-EEE3-4EAB-842E-00AF63F30B62} = {E250DB23-EBE0-4E55-885B-964EBAE2595D}
		{3CD87149-19D1-40F1-B74B-213A494D540E} = {E250DB23-EBE0-4E55-885B-964EBAE2595D}
		{77147A44-8BA3-4C01-8489-E2BC52F69C25} = {E250DB23-EBE0-4E55-885B-964EBAE2595D}
		{BCA56BB0-A060-4758-9B33-436292EC4651} = {7E6BFAD7-AFCA-421F-A002-413A343FEC69}
		{E17CEAFD-A9E3-4815-9225-B997825EDC21} = {E250DB23-EBE0-4E55-885B-964EBAE2595D}
		{D5268722-CDDA-4099-B05E-70CDF5CA11F3} = {9891ABE2-5909-4940-B9AF-D1D0E21BC8A9}
		{2FB7011D-BBC9-4DC5-8F60-028F2BF3B5DA} = {5B579748-47B2-46B3-9F3A-9453A446C6DA}
		{11556B34-E1FE-45DC-B2DC-DCCA86AA5D3D} = {E250DB23-EBE0-4E55-885B-964EBAE2595D}
		{EFD796FD-85F8-4F76-83FF-B136381CDB46} = {E250DB23-EBE0-4E55-885B-964EBAE2595D}
		{60C15959-562C-428D-BB55-2CF1C3EA01F8} = {E250DB23-EBE0-4E55-885B-964EBAE2595D}
		{4716CD08-8CE0-4660-AAF2-13B65AC0C83C} = {E250DB23-EBE0-4E55-885B-964EBAE2595D}
		{2BE122E0-6392-42A6-98B2-D0FC71F0812B} = {E250DB23-EBE0-4E55-885B-964EBAE2595D}
		{EFCA5B8F-E346-4C07-B517-202E6EA52E21} = {E250DB23-EBE0-4E55-885B-964EBAE2595D}
		{80E855C0-BDE8-40A1-97C2-85D18B084B0A} = {E250DB23-EBE0-4E55-885B-964EBAE2595D}
		{11D0AECC-F9A7-4CE9-B833-1E31B67DA267} = {E250DB23-EBE0-4E55-885B-964EBAE2595D}
		{4F304FD9-6210-41DD-932B-AFA4066896A1} = {E250DB23-EBE0-4E55-885B-964EBAE2595D}
		{1D170C5D-2A93-4747-9FB8-811939956E75} = {8657CA82-AB63-40BB-9184-3D7EFD9ABFA6}
		{D9B34002-5916-48C4-8226-23C4E30B1244} = {E250DB23-EBE0-4E55-885B-964EBAE2595D}
		{F840708B-5D0D-465F-94C9-EF4AD1098FC7} = {9891ABE2-5909-4940-B9AF-D1D0E21BC8A9}
		{98E3A5FD-B7A6-4972-BC51-77CF4EBE44F0} = {8657CA82-AB63-40BB-9184-3D7EFD9ABFA6}
		{789D5400-9B5E-4F62-832C-20FA8428E572} = {E250DB23-EBE0-4E55-885B-964EBAE2595D}
		{3683AF7D-373B-4646-878C-4ACA56182B6B} = {E250DB23-EBE0-4E55-885B-964EBAE2595D}
		{2C8E82BE-4562-4BD8-806E-2ABC806FF2B3} = {3B930DCA-49C9-4789-9838-3FA9A57A0274}
	EndGlobalSection
	GlobalSection(ExtensibilityGlobals) = postSolution
		EnterpriseLibraryConfigurationToolBinariesPathV6 = packages\EnterpriseLibrary.Common.6.0.1304.0\lib\NET45;packages\EnterpriseLibrary.Validation.6.0.1304.0\lib\NET45;packages\EnterpriseLibrary.Validation.Integration.WPF.6.0.1304.0\lib\NET45
		SolutionGuid = {DCF60401-E2BA-49E3-8B6E-CD4A61102494}
	EndGlobalSection
EndGlobal
